{"format_version":"1.2","terraform_version":"1.9.1","variables":{"aws_region":{"value":"eu-west-1"},"key_name":{"value":"KCVPCkeypair"}},"planned_values":{"outputs":{"private_instance_id":{"sensitive":false},"private_subnet_id":{"sensitive":false,"type":"string","value":"subnet-0e54fc509afbfafc7"},"public_instance_id":{"sensitive":false},"public_subnet_id":{"sensitive":false,"type":"string","value":"subnet-027151fe66ed43bf3"},"vpc_id":{"sensitive":false,"type":"string","value":"vpc-03543c35a3d525474"}},"root_module":{"child_modules":[{"resources":[{"address":"module.ec2_instance.aws_instance.private_instance","mode":"managed","type":"aws_instance","name":"private_instance","provider_name":"registry.terraform.io/hashicorp/aws","schema_version":1,"values":{"ami":"ami-0c38b837cd80f13bb","credit_specification":[],"get_password_data":false,"hibernation":null,"instance_type":"t2.micro","key_name":"KCVPCkeypair","launch_template":[],"security_groups":["sg-08858a379f3b4df58"],"source_dest_check":true,"subnet_id":"subnet-0e54fc509afbfafc7","tags":{"Name":"PrivateInstance"},"tags_all":{"Name":"PrivateInstance"},"timeouts":null,"user_data":"ac9bb9e2066b06f7583f40fb59af262703bbdf94","user_data_replace_on_change":false,"volume_tags":null},"sensitive_values":{"capacity_reservation_specification":[],"cpu_options":[],"credit_specification":[],"ebs_block_device":[],"enclave_options":[],"ephemeral_block_device":[],"instance_market_options":[],"ipv6_addresses":[],"launch_template":[],"maintenance_options":[],"metadata_options":[],"network_interface":[],"private_dns_name_options":[],"root_block_device":[],"secondary_private_ips":[],"security_groups":[false],"tags":{},"tags_all":{},"vpc_security_group_ids":[]}},{"address":"module.ec2_instance.aws_instance.public_instance","mode":"managed","type":"aws_instance","name":"public_instance","provider_name":"registry.terraform.io/hashicorp/aws","schema_version":1,"values":{"ami":"ami-0c38b837cd80f13bb","associate_public_ip_address":true,"credit_specification":[],"get_password_data":false,"hibernation":null,"instance_type":"t2.micro","key_name":"KCVPCkeypair","launch_template":[],"security_groups":["sg-0ea7db43d14619652"],"source_dest_check":true,"subnet_id":"subnet-027151fe66ed43bf3","tags":{"Name":"PublicInstance"},"tags_all":{"Name":"PublicInstance"},"timeouts":null,"user_data":"6a5aa7371031542d05377e03c9b93e12e83f9b07","user_data_replace_on_change":false,"volume_tags":null},"sensitive_values":{"capacity_reservation_specification":[],"cpu_options":[],"credit_specification":[],"ebs_block_device":[],"enclave_options":[],"ephemeral_block_device":[],"instance_market_options":[],"ipv6_addresses":[],"launch_template":[],"maintenance_options":[],"metadata_options":[],"network_interface":[],"private_dns_name_options":[],"root_block_device":[],"secondary_private_ips":[],"security_groups":[false],"tags":{},"tags_all":{},"vpc_security_group_ids":[]}}],"address":"module.ec2_instance"},{"resources":[{"address":"module.nat_gateway.aws_eip.nat","mode":"managed","type":"aws_eip","name":"nat","provider_name":"registry.terraform.io/hashicorp/aws","schema_version":0,"values":{"address":null,"allocation_id":"eipalloc-08d83dda288f98b4c","arn":"arn:aws:ec2:eu-west-1:483148588781:elastic-ip/eipalloc-08d83dda288f98b4c","associate_with_private_ip":null,"association_id":"eipassoc-04911bf0d567fb1e3","carrier_ip":"","customer_owned_ip":"","customer_owned_ipv4_pool":"","domain":"vpc","id":"eipalloc-08d83dda288f98b4c","instance":"","network_border_group":"eu-west-1","network_interface":"eni-05b1a75941e226843","private_dns":"ip-10-0-1-229.eu-west-1.compute.internal","private_ip":"10.0.1.229","ptr_record":"","public_dns":"ec2-34-247-145-241.eu-west-1.compute.amazonaws.com","public_ip":"34.247.145.241","public_ipv4_pool":"amazon","tags":{},"tags_all":{},"timeouts":null,"vpc":true},"sensitive_values":{"tags":{},"tags_all":{}}},{"address":"module.nat_gateway.aws_nat_gateway.nat","mode":"managed","type":"aws_nat_gateway","name":"nat","provider_name":"registry.terraform.io/hashicorp/aws","schema_version":0,"values":{"allocation_id":"eipalloc-08d83dda288f98b4c","association_id":"eipassoc-04911bf0d567fb1e3","connectivity_type":"public","id":"nat-0c9546c1f0d9ed77a","network_interface_id":"eni-05b1a75941e226843","private_ip":"10.0.1.229","public_ip":"34.247.145.241","secondary_allocation_ids":[],"secondary_private_ip_address_count":0,"secondary_private_ip_addresses":[],"subnet_id":"subnet-027151fe66ed43bf3","tags":{"Name":"KCVPC-NAT"},"tags_all":{"Name":"KCVPC-NAT"},"timeouts":null},"sensitive_values":{"secondary_allocation_ids":[],"secondary_private_ip_addresses":[],"tags":{},"tags_all":{}}},{"address":"module.nat_gateway.aws_route.private_nat","mode":"managed","type":"aws_route","name":"private_nat","provider_name":"registry.terraform.io/hashicorp/aws","schema_version":0,"values":{"carrier_gateway_id":"","core_network_arn":"","destination_cidr_block":"0.0.0.0/0","destination_ipv6_cidr_block":"","destination_prefix_list_id":"","egress_only_gateway_id":"","gateway_id":"","id":"r-rtb-0d944248e9ec42b5f1080289494","instance_id":"","instance_owner_id":"","local_gateway_id":"","nat_gateway_id":"nat-0c9546c1f0d9ed77a","network_interface_id":"","origin":"CreateRoute","route_table_id":"rtb-0d944248e9ec42b5f","state":"active","timeouts":null,"transit_gateway_id":"","vpc_endpoint_id":"","vpc_peering_connection_id":""},"sensitive_values":{}}],"address":"module.nat_gateway"},{"resources":[{"address":"module.route_table.aws_route_table.private","mode":"managed","type":"aws_route_table","name":"private","provider_name":"registry.terraform.io/hashicorp/aws","schema_version":0,"values":{"arn":"arn:aws:ec2:eu-west-1:483148588781:route-table/rtb-0d944248e9ec42b5f","id":"rtb-0d944248e9ec42b5f","owner_id":"483148588781","propagating_vgws":[],"route":[{"carrier_gateway_id":"","cidr_block":"0.0.0.0/0","core_network_arn":"","destination_prefix_list_id":"","egress_only_gateway_id":"","gateway_id":"","ipv6_cidr_block":"","local_gateway_id":"","nat_gateway_id":"nat-0c9546c1f0d9ed77a","network_interface_id":"","transit_gateway_id":"","vpc_endpoint_id":"","vpc_peering_connection_id":""}],"tags":{"Name":"PrivateRouteTable"},"tags_all":{"Name":"PrivateRouteTable"},"timeouts":null,"vpc_id":"vpc-03543c35a3d525474"},"sensitive_values":{"propagating_vgws":[],"route":[{}],"tags":{},"tags_all":{}}},{"address":"module.route_table.aws_route_table.public","mode":"managed","type":"aws_route_table","name":"public","provider_name":"registry.terraform.io/hashicorp/aws","schema_version":0,"values":{"arn":"arn:aws:ec2:eu-west-1:483148588781:route-table/rtb-017bb5fa96dea506a","id":"rtb-017bb5fa96dea506a","owner_id":"483148588781","propagating_vgws":[],"route":[{"carrier_gateway_id":"","cidr_block":"0.0.0.0/0","core_network_arn":"","destination_prefix_list_id":"","egress_only_gateway_id":"","gateway_id":"igw-0c15abb25dd8178da","ipv6_cidr_block":"","local_gateway_id":"","nat_gateway_id":"","network_interface_id":"","transit_gateway_id":"","vpc_endpoint_id":"","vpc_peering_connection_id":""}],"tags":{"Name":"PublicRouteTable"},"tags_all":{"Name":"PublicRouteTable"},"timeouts":null,"vpc_id":"vpc-03543c35a3d525474"},"sensitive_values":{"propagating_vgws":[],"route":[{}],"tags":{},"tags_all":{}}},{"address":"module.route_table.aws_route_table_association.private","mode":"managed","type":"aws_route_table_association","name":"private","provider_name":"registry.terraform.io/hashicorp/aws","schema_version":0,"values":{"gateway_id":"","id":"rtbassoc-0a63cc3c592d1d5c9","route_table_id":"rtb-0d944248e9ec42b5f","subnet_id":"subnet-0e54fc509afbfafc7","timeouts":null},"sensitive_values":{}},{"address":"module.route_table.aws_route_table_association.public","mode":"managed","type":"aws_route_table_association","name":"public","provider_name":"registry.terraform.io/hashicorp/aws","schema_version":0,"values":{"gateway_id":"","id":"rtbassoc-004058ce2a4664108","route_table_id":"rtb-017bb5fa96dea506a","subnet_id":"subnet-027151fe66ed43bf3","timeouts":null},"sensitive_values":{}}],"address":"module.route_table"},{"resources":[{"address":"module.security_group.aws_security_group.private_sg","mode":"managed","type":"aws_security_group","name":"private_sg","provider_name":"registry.terraform.io/hashicorp/aws","schema_version":1,"values":{"arn":"arn:aws:ec2:eu-west-1:483148588781:security-group/sg-08858a379f3b4df58","description":"Managed by Terraform","egress":[{"cidr_blocks":["0.0.0.0/0"],"description":"","from_port":0,"ipv6_cidr_blocks":[],"prefix_list_ids":[],"protocol":"-1","security_groups":[],"self":false,"to_port":0}],"id":"sg-08858a379f3b4df58","ingress":[{"cidr_blocks":["10.0.1.0/24"],"description":"","from_port":5432,"ipv6_cidr_blocks":[],"prefix_list_ids":[],"protocol":"tcp","security_groups":[],"self":false,"to_port":5432}],"name":"PrivateSecurityGroup","name_prefix":"","owner_id":"483148588781","revoke_rules_on_delete":false,"tags":{},"tags_all":{},"timeouts":null,"vpc_id":"vpc-03543c35a3d525474"},"sensitive_values":{"egress":[{"cidr_blocks":[false],"ipv6_cidr_blocks":[],"prefix_list_ids":[],"security_groups":[]}],"ingress":[{"cidr_blocks":[false],"ipv6_cidr_blocks":[],"prefix_list_ids":[],"security_groups":[]}],"tags":{},"tags_all":{}}},{"address":"module.security_group.aws_security_group.public_sg","mode":"managed","type":"aws_security_group","name":"public_sg","provider_name":"registry.terraform.io/hashicorp/aws","schema_version":1,"values":{"arn":"arn:aws:ec2:eu-west-1:483148588781:security-group/sg-0ea7db43d14619652","description":"Managed by Terraform","egress":[{"cidr_blocks":["0.0.0.0/0"],"description":"","from_port":0,"ipv6_cidr_blocks":[],"prefix_list_ids":[],"protocol":"-1","security_groups":[],"self":false,"to_port":0}],"id":"sg-0ea7db43d14619652","ingress":[{"cidr_blocks":["0.0.0.0/0"],"description":"","from_port":443,"ipv6_cidr_blocks":[],"prefix_list_ids":[],"protocol":"tcp","security_groups":[],"self":false,"to_port":443},{"cidr_blocks":["0.0.0.0/0"],"description":"","from_port":80,"ipv6_cidr_blocks":[],"prefix_list_ids":[],"protocol":"tcp","security_groups":[],"self":false,"to_port":80},{"cidr_blocks":["10.0.1.0/24"],"description":"","from_port":22,"ipv6_cidr_blocks":[],"prefix_list_ids":[],"protocol":"tcp","security_groups":[],"self":false,"to_port":22}],"name":"PublicSecurityGroup","name_prefix":"","owner_id":"483148588781","revoke_rules_on_delete":false,"tags":{},"tags_all":{},"timeouts":null,"vpc_id":"vpc-03543c35a3d525474"},"sensitive_values":{"egress":[{"cidr_blocks":[false],"ipv6_cidr_blocks":[],"prefix_list_ids":[],"security_groups":[]}],"ingress":[{"cidr_blocks":[false],"ipv6_cidr_blocks":[],"prefix_list_ids":[],"security_groups":[]},{"cidr_blocks":[false],"ipv6_cidr_blocks":[],"prefix_list_ids":[],"security_groups":[]},{"cidr_blocks":[false],"ipv6_cidr_blocks":[],"prefix_list_ids":[],"security_groups":[]}],"tags":{},"tags_all":{}}}],"address":"module.security_group"},{"resources":[{"address":"module.subnet.aws_subnet.private","mode":"managed","type":"aws_subnet","name":"private","provider_name":"registry.terraform.io/hashicorp/aws","schema_version":1,"values":{"arn":"arn:aws:ec2:eu-west-1:483148588781:subnet/subnet-0e54fc509afbfafc7","assign_ipv6_address_on_creation":false,"availability_zone":"eu-west-1a","availability_zone_id":"euw1-az2","cidr_block":"10.0.2.0/24","customer_owned_ipv4_pool":"","enable_dns64":false,"enable_lni_at_device_index":0,"enable_resource_name_dns_a_record_on_launch":false,"enable_resource_name_dns_aaaa_record_on_launch":false,"id":"subnet-0e54fc509afbfafc7","ipv6_cidr_block":"","ipv6_cidr_block_association_id":"","ipv6_native":false,"map_customer_owned_ip_on_launch":false,"map_public_ip_on_launch":false,"outpost_arn":"","owner_id":"483148588781","private_dns_hostname_type_on_launch":"ip-name","tags":{"Name":"PrivateSubnet"},"tags_all":{"Name":"PrivateSubnet"},"timeouts":null,"vpc_id":"vpc-03543c35a3d525474"},"sensitive_values":{"tags":{},"tags_all":{}}},{"address":"module.subnet.aws_subnet.public","mode":"managed","type":"aws_subnet","name":"public","provider_name":"registry.terraform.io/hashicorp/aws","schema_version":1,"values":{"arn":"arn:aws:ec2:eu-west-1:483148588781:subnet/subnet-027151fe66ed43bf3","assign_ipv6_address_on_creation":false,"availability_zone":"eu-west-1a","availability_zone_id":"euw1-az2","cidr_block":"10.0.1.0/24","customer_owned_ipv4_pool":"","enable_dns64":false,"enable_lni_at_device_index":0,"enable_resource_name_dns_a_record_on_launch":false,"enable_resource_name_dns_aaaa_record_on_launch":false,"id":"subnet-027151fe66ed43bf3","ipv6_cidr_block":"","ipv6_cidr_block_association_id":"","ipv6_native":false,"map_customer_owned_ip_on_launch":false,"map_public_ip_on_launch":true,"outpost_arn":"","owner_id":"483148588781","private_dns_hostname_type_on_launch":"ip-name","tags":{"Name":"PublicSubnet"},"tags_all":{"Name":"PublicSubnet"},"timeouts":null,"vpc_id":"vpc-03543c35a3d525474"},"sensitive_values":{"tags":{},"tags_all":{}}}],"address":"module.subnet"},{"resources":[{"address":"module.vpc.aws_internet_gateway.main","mode":"managed","type":"aws_internet_gateway","name":"main","provider_name":"registry.terraform.io/hashicorp/aws","schema_version":0,"values":{"arn":"arn:aws:ec2:eu-west-1:483148588781:internet-gateway/igw-0c15abb25dd8178da","id":"igw-0c15abb25dd8178da","owner_id":"483148588781","tags":{"Name":"KCVPC-IGW"},"tags_all":{"Name":"KCVPC-IGW"},"timeouts":null,"vpc_id":"vpc-03543c35a3d525474"},"sensitive_values":{"tags":{},"tags_all":{}}},{"address":"module.vpc.aws_vpc.main","mode":"managed","type":"aws_vpc","name":"main","provider_name":"registry.terraform.io/hashicorp/aws","schema_version":1,"values":{"arn":"arn:aws:ec2:eu-west-1:483148588781:vpc/vpc-03543c35a3d525474","assign_generated_ipv6_cidr_block":false,"cidr_block":"10.0.0.0/16","default_network_acl_id":"acl-0a5d7d864f2479051","default_route_table_id":"rtb-047ea148a78e494f4","default_security_group_id":"sg-06d8c93cbe16c87ee","dhcp_options_id":"dopt-008e73f6bc1a79ead","enable_dns_hostnames":false,"enable_dns_support":true,"enable_network_address_usage_metrics":false,"id":"vpc-03543c35a3d525474","instance_tenancy":"default","ipv4_ipam_pool_id":null,"ipv4_netmask_length":null,"ipv6_association_id":"","ipv6_cidr_block":"","ipv6_cidr_block_network_border_group":"","ipv6_ipam_pool_id":"","ipv6_netmask_length":0,"main_route_table_id":"rtb-047ea148a78e494f4","owner_id":"483148588781","tags":{"Name":"KCVPC"},"tags_all":{"Name":"KCVPC"}},"sensitive_values":{"tags":{},"tags_all":{}}}],"address":"module.vpc"}]}},"resource_drift":[{"address":"module.ec2_instance.aws_instance.private_instance","module_address":"module.ec2_instance","mode":"managed","type":"aws_instance","name":"private_instance","provider_name":"registry.terraform.io/hashicorp/aws","change":{"actions":["update"],"before":{"ami":"ami-0c38b837cd80f13bb","arn":"arn:aws:ec2:eu-west-1:483148588781:instance/i-0324db6800f3ccebe","associate_public_ip_address":false,"availability_zone":"eu-west-1a","capacity_reservation_specification":[{"capacity_reservation_preference":"open","capacity_reservation_target":[]}],"cpu_core_count":1,"cpu_options":[{"amd_sev_snp":"","core_count":1,"threads_per_core":1}],"cpu_threads_per_core":1,"credit_specification":[{"cpu_credits":"standard"}],"disable_api_stop":false,"disable_api_termination":false,"ebs_block_device":[],"ebs_optimized":false,"enclave_options":[{"enabled":false}],"ephemeral_block_device":[],"get_password_data":false,"hibernation":false,"host_id":"","host_resource_group_arn":null,"iam_instance_profile":"","id":"i-0324db6800f3ccebe","instance_initiated_shutdown_behavior":"stop","instance_lifecycle":"","instance_market_options":[],"instance_state":"running","instance_type":"t2.micro","ipv6_address_count":0,"ipv6_addresses":[],"key_name":"KCVPCkeypair","launch_template":[],"maintenance_options":[{"auto_recovery":"default"}],"metadata_options":[{"http_endpoint":"enabled","http_protocol_ipv6":"disabled","http_put_response_hop_limit":2,"http_tokens":"required","instance_metadata_tags":"disabled"}],"monitoring":false,"network_interface":[],"outpost_arn":"","password_data":"","placement_group":"","placement_partition_number":0,"primary_network_interface_id":"eni-05368105bb8414f87","private_dns":"ip-10-0-2-142.eu-west-1.compute.internal","private_dns_name_options":[{"enable_resource_name_dns_a_record":false,"enable_resource_name_dns_aaaa_record":false,"hostname_type":"ip-name"}],"private_ip":"10.0.2.142","public_dns":"","public_ip":"","root_block_device":[{"delete_on_termination":true,"device_name":"/dev/sda1","encrypted":false,"iops":3000,"kms_key_id":"","tags":{},"tags_all":{},"throughput":125,"volume_id":"vol-0c4b01a36bf1ca1f6","volume_size":8,"volume_type":"gp3"}],"secondary_private_ips":[],"security_groups":["sg-08858a379f3b4df58"],"source_dest_check":true,"spot_instance_request_id":"","subnet_id":"subnet-0e54fc509afbfafc7","tags":{"Name":"PrivateInstance"},"tags_all":{"Name":"PrivateInstance"},"tenancy":"default","timeouts":null,"user_data":"ac9bb9e2066b06f7583f40fb59af262703bbdf94","user_data_base64":null,"user_data_replace_on_change":false,"volume_tags":null,"vpc_security_group_ids":["sg-08858a379f3b4df58"]},"after":{"ami":"ami-0c38b837cd80f13bb","arn":"arn:aws:ec2:eu-west-1:483148588781:instance/i-0324db6800f3ccebe","associate_public_ip_address":false,"availability_zone":"eu-west-1a","capacity_reservation_specification":[{"capacity_reservation_preference":"open","capacity_reservation_target":[]}],"cpu_core_count":1,"cpu_options":[{"amd_sev_snp":"","core_count":1,"threads_per_core":1}],"cpu_threads_per_core":1,"credit_specification":[{"cpu_credits":"standard"}],"disable_api_stop":false,"disable_api_termination":false,"ebs_block_device":[],"ebs_optimized":false,"enclave_options":[{"enabled":false}],"ephemeral_block_device":[],"get_password_data":false,"hibernation":false,"host_id":"","host_resource_group_arn":null,"iam_instance_profile":"","id":"i-0324db6800f3ccebe","instance_initiated_shutdown_behavior":"stop","instance_lifecycle":"","instance_market_options":[],"instance_state":"running","instance_type":"t2.micro","ipv6_address_count":0,"ipv6_addresses":[],"key_name":"KCVPCkeypair","launch_template":[],"maintenance_options":[{"auto_recovery":"default"}],"metadata_options":[{"http_endpoint":"enabled","http_protocol_ipv6":"disabled","http_put_response_hop_limit":2,"http_tokens":"required","instance_metadata_tags":"disabled"}],"monitoring":false,"network_interface":[],"outpost_arn":"","password_data":"","placement_group":"","placement_partition_number":0,"primary_network_interface_id":"eni-05368105bb8414f87","private_dns":"ip-10-0-2-142.eu-west-1.compute.internal","private_dns_name_options":[{"enable_resource_name_dns_a_record":false,"enable_resource_name_dns_aaaa_record":false,"hostname_type":"ip-name"}],"private_ip":"10.0.2.142","public_dns":"","public_ip":"","root_block_device":[{"delete_on_termination":true,"device_name":"/dev/sda1","encrypted":false,"iops":3000,"kms_key_id":"","tags":{},"tags_all":{},"throughput":125,"volume_id":"vol-0c4b01a36bf1ca1f6","volume_size":8,"volume_type":"gp3"}],"secondary_private_ips":[],"security_groups":[],"source_dest_check":true,"spot_instance_request_id":"","subnet_id":"subnet-0e54fc509afbfafc7","tags":{"Name":"PrivateInstance"},"tags_all":{"Name":"PrivateInstance"},"tenancy":"default","timeouts":null,"user_data":"ac9bb9e2066b06f7583f40fb59af262703bbdf94","user_data_base64":null,"user_data_replace_on_change":false,"volume_tags":null,"vpc_security_group_ids":["sg-08858a379f3b4df58"]},"after_unknown":{},"before_sensitive":{"capacity_reservation_specification":[{"capacity_reservation_target":[]}],"cpu_options":[{}],"credit_specification":[{}],"ebs_block_device":[],"enclave_options":[{}],"ephemeral_block_device":[],"instance_market_options":[],"ipv6_addresses":[],"launch_template":[],"maintenance_options":[{}],"metadata_options":[{}],"network_interface":[],"private_dns_name_options":[{}],"root_block_device":[{"tags":{},"tags_all":{}}],"secondary_private_ips":[],"security_groups":[false],"tags":{},"tags_all":{},"vpc_security_group_ids":[false]},"after_sensitive":{"capacity_reservation_specification":[{"capacity_reservation_target":[]}],"cpu_options":[{}],"credit_specification":[{}],"ebs_block_device":[],"enclave_options":[{}],"ephemeral_block_device":[],"instance_market_options":[],"ipv6_addresses":[],"launch_template":[],"maintenance_options":[{}],"metadata_options":[{}],"network_interface":[],"private_dns_name_options":[{}],"root_block_device":[{"tags":{},"tags_all":{}}],"secondary_private_ips":[],"security_groups":[],"tags":{},"tags_all":{},"vpc_security_group_ids":[false]}}},{"address":"module.ec2_instance.aws_instance.public_instance","module_address":"module.ec2_instance","mode":"managed","type":"aws_instance","name":"public_instance","provider_name":"registry.terraform.io/hashicorp/aws","change":{"actions":["update"],"before":{"ami":"ami-0c38b837cd80f13bb","arn":"arn:aws:ec2:eu-west-1:483148588781:instance/i-09d915855c4102b7d","associate_public_ip_address":true,"availability_zone":"eu-west-1a","capacity_reservation_specification":[{"capacity_reservation_preference":"open","capacity_reservation_target":[]}],"cpu_core_count":1,"cpu_options":[{"amd_sev_snp":"","core_count":1,"threads_per_core":1}],"cpu_threads_per_core":1,"credit_specification":[{"cpu_credits":"standard"}],"disable_api_stop":false,"disable_api_termination":false,"ebs_block_device":[],"ebs_optimized":false,"enclave_options":[{"enabled":false}],"ephemeral_block_device":[],"get_password_data":false,"hibernation":false,"host_id":"","host_resource_group_arn":null,"iam_instance_profile":"","id":"i-09d915855c4102b7d","instance_initiated_shutdown_behavior":"stop","instance_lifecycle":"","instance_market_options":[],"instance_state":"running","instance_type":"t2.micro","ipv6_address_count":0,"ipv6_addresses":[],"key_name":"KCVPCkeypair","launch_template":[],"maintenance_options":[{"auto_recovery":"default"}],"metadata_options":[{"http_endpoint":"enabled","http_protocol_ipv6":"disabled","http_put_response_hop_limit":2,"http_tokens":"required","instance_metadata_tags":"disabled"}],"monitoring":false,"network_interface":[],"outpost_arn":"","password_data":"","placement_group":"","placement_partition_number":0,"primary_network_interface_id":"eni-0b169e50c50694734","private_dns":"ip-10-0-1-53.eu-west-1.compute.internal","private_dns_name_options":[{"enable_resource_name_dns_a_record":false,"enable_resource_name_dns_aaaa_record":false,"hostname_type":"ip-name"}],"private_ip":"10.0.1.53","public_dns":"","public_ip":"54.171.109.66","root_block_device":[{"delete_on_termination":true,"device_name":"/dev/sda1","encrypted":false,"iops":3000,"kms_key_id":"","tags":{},"tags_all":{},"throughput":125,"volume_id":"vol-0b55c2120b809a842","volume_size":8,"volume_type":"gp3"}],"secondary_private_ips":[],"security_groups":["sg-0ea7db43d14619652"],"source_dest_check":true,"spot_instance_request_id":"","subnet_id":"subnet-027151fe66ed43bf3","tags":{"Name":"PublicInstance"},"tags_all":{"Name":"PublicInstance"},"tenancy":"default","timeouts":null,"user_data":"6a5aa7371031542d05377e03c9b93e12e83f9b07","user_data_base64":null,"user_data_replace_on_change":false,"volume_tags":null,"vpc_security_group_ids":["sg-0ea7db43d14619652"]},"after":{"ami":"ami-0c38b837cd80f13bb","arn":"arn:aws:ec2:eu-west-1:483148588781:instance/i-09d915855c4102b7d","associate_public_ip_address":true,"availability_zone":"eu-west-1a","capacity_reservation_specification":[{"capacity_reservation_preference":"open","capacity_reservation_target":[]}],"cpu_core_count":1,"cpu_options":[{"amd_sev_snp":"","core_count":1,"threads_per_core":1}],"cpu_threads_per_core":1,"credit_specification":[{"cpu_credits":"standard"}],"disable_api_stop":false,"disable_api_termination":false,"ebs_block_device":[],"ebs_optimized":false,"enclave_options":[{"enabled":false}],"ephemeral_block_device":[],"get_password_data":false,"hibernation":false,"host_id":"","host_resource_group_arn":null,"iam_instance_profile":"","id":"i-09d915855c4102b7d","instance_initiated_shutdown_behavior":"stop","instance_lifecycle":"","instance_market_options":[],"instance_state":"running","instance_type":"t2.micro","ipv6_address_count":0,"ipv6_addresses":[],"key_name":"KCVPCkeypair","launch_template":[],"maintenance_options":[{"auto_recovery":"default"}],"metadata_options":[{"http_endpoint":"enabled","http_protocol_ipv6":"disabled","http_put_response_hop_limit":2,"http_tokens":"required","instance_metadata_tags":"disabled"}],"monitoring":false,"network_interface":[],"outpost_arn":"","password_data":"","placement_group":"","placement_partition_number":0,"primary_network_interface_id":"eni-0b169e50c50694734","private_dns":"ip-10-0-1-53.eu-west-1.compute.internal","private_dns_name_options":[{"enable_resource_name_dns_a_record":false,"enable_resource_name_dns_aaaa_record":false,"hostname_type":"ip-name"}],"private_ip":"10.0.1.53","public_dns":"","public_ip":"54.171.109.66","root_block_device":[{"delete_on_termination":true,"device_name":"/dev/sda1","encrypted":false,"iops":3000,"kms_key_id":"","tags":{},"tags_all":{},"throughput":125,"volume_id":"vol-0b55c2120b809a842","volume_size":8,"volume_type":"gp3"}],"secondary_private_ips":[],"security_groups":[],"source_dest_check":true,"spot_instance_request_id":"","subnet_id":"subnet-027151fe66ed43bf3","tags":{"Name":"PublicInstance"},"tags_all":{"Name":"PublicInstance"},"tenancy":"default","timeouts":null,"user_data":"6a5aa7371031542d05377e03c9b93e12e83f9b07","user_data_base64":null,"user_data_replace_on_change":false,"volume_tags":null,"vpc_security_group_ids":["sg-0ea7db43d14619652"]},"after_unknown":{},"before_sensitive":{"capacity_reservation_specification":[{"capacity_reservation_target":[]}],"cpu_options":[{}],"credit_specification":[{}],"ebs_block_device":[],"enclave_options":[{}],"ephemeral_block_device":[],"instance_market_options":[],"ipv6_addresses":[],"launch_template":[],"maintenance_options":[{}],"metadata_options":[{}],"network_interface":[],"private_dns_name_options":[{}],"root_block_device":[{"tags":{},"tags_all":{}}],"secondary_private_ips":[],"security_groups":[false],"tags":{},"tags_all":{},"vpc_security_group_ids":[false]},"after_sensitive":{"capacity_reservation_specification":[{"capacity_reservation_target":[]}],"cpu_options":[{}],"credit_specification":[{}],"ebs_block_device":[],"enclave_options":[{}],"ephemeral_block_device":[],"instance_market_options":[],"ipv6_addresses":[],"launch_template":[],"maintenance_options":[{}],"metadata_options":[{}],"network_interface":[],"private_dns_name_options":[{}],"root_block_device":[{"tags":{},"tags_all":{}}],"secondary_private_ips":[],"security_groups":[],"tags":{},"tags_all":{},"vpc_security_group_ids":[false]}}},{"address":"module.nat_gateway.aws_eip.nat","module_address":"module.nat_gateway","mode":"managed","type":"aws_eip","name":"nat","provider_name":"registry.terraform.io/hashicorp/aws","change":{"actions":["update"],"before":{"address":null,"allocation_id":"eipalloc-08d83dda288f98b4c","arn":"arn:aws:ec2:eu-west-1:483148588781:elastic-ip/eipalloc-08d83dda288f98b4c","associate_with_private_ip":null,"association_id":"","carrier_ip":"","customer_owned_ip":"","customer_owned_ipv4_pool":"","domain":"vpc","id":"eipalloc-08d83dda288f98b4c","instance":"","network_border_group":"eu-west-1","network_interface":"","private_dns":null,"private_ip":"","ptr_record":"","public_dns":"ec2-34-247-145-241.eu-west-1.compute.amazonaws.com","public_ip":"34.247.145.241","public_ipv4_pool":"amazon","tags":null,"tags_all":{},"timeouts":null,"vpc":true},"after":{"address":null,"allocation_id":"eipalloc-08d83dda288f98b4c","arn":"arn:aws:ec2:eu-west-1:483148588781:elastic-ip/eipalloc-08d83dda288f98b4c","associate_with_private_ip":null,"association_id":"eipassoc-04911bf0d567fb1e3","carrier_ip":"","customer_owned_ip":"","customer_owned_ipv4_pool":"","domain":"vpc","id":"eipalloc-08d83dda288f98b4c","instance":"","network_border_group":"eu-west-1","network_interface":"eni-05b1a75941e226843","private_dns":"ip-10-0-1-229.eu-west-1.compute.internal","private_ip":"10.0.1.229","ptr_record":"","public_dns":"ec2-34-247-145-241.eu-west-1.compute.amazonaws.com","public_ip":"34.247.145.241","public_ipv4_pool":"amazon","tags":{},"tags_all":{},"timeouts":null,"vpc":true},"after_unknown":{},"before_sensitive":{"tags_all":{}},"after_sensitive":{"tags":{},"tags_all":{}}}},{"address":"module.nat_gateway.aws_nat_gateway.nat","module_address":"module.nat_gateway","mode":"managed","type":"aws_nat_gateway","name":"nat","provider_name":"registry.terraform.io/hashicorp/aws","change":{"actions":["update"],"before":{"allocation_id":"eipalloc-08d83dda288f98b4c","association_id":"eipassoc-04911bf0d567fb1e3","connectivity_type":"public","id":"nat-0c9546c1f0d9ed77a","network_interface_id":"eni-05b1a75941e226843","private_ip":"10.0.1.229","public_ip":"34.247.145.241","secondary_allocation_ids":null,"secondary_private_ip_address_count":0,"secondary_private_ip_addresses":[],"subnet_id":"subnet-027151fe66ed43bf3","tags":{"Name":"KCVPC-NAT"},"tags_all":{"Name":"KCVPC-NAT"},"timeouts":null},"after":{"allocation_id":"eipalloc-08d83dda288f98b4c","association_id":"eipassoc-04911bf0d567fb1e3","connectivity_type":"public","id":"nat-0c9546c1f0d9ed77a","network_interface_id":"eni-05b1a75941e226843","private_ip":"10.0.1.229","public_ip":"34.247.145.241","secondary_allocation_ids":[],"secondary_private_ip_address_count":0,"secondary_private_ip_addresses":[],"subnet_id":"subnet-027151fe66ed43bf3","tags":{"Name":"KCVPC-NAT"},"tags_all":{"Name":"KCVPC-NAT"},"timeouts":null},"after_unknown":{},"before_sensitive":{"secondary_private_ip_addresses":[],"tags":{},"tags_all":{}},"after_sensitive":{"secondary_allocation_ids":[],"secondary_private_ip_addresses":[],"tags":{},"tags_all":{}}}},{"address":"module.route_table.aws_route_table.private","module_address":"module.route_table","mode":"managed","type":"aws_route_table","name":"private","provider_name":"registry.terraform.io/hashicorp/aws","change":{"actions":["update"],"before":{"arn":"arn:aws:ec2:eu-west-1:483148588781:route-table/rtb-0d944248e9ec42b5f","id":"rtb-0d944248e9ec42b5f","owner_id":"483148588781","propagating_vgws":[],"route":[],"tags":{"Name":"PrivateRouteTable"},"tags_all":{"Name":"PrivateRouteTable"},"timeouts":null,"vpc_id":"vpc-03543c35a3d525474"},"after":{"arn":"arn:aws:ec2:eu-west-1:483148588781:route-table/rtb-0d944248e9ec42b5f","id":"rtb-0d944248e9ec42b5f","owner_id":"483148588781","propagating_vgws":[],"route":[{"carrier_gateway_id":"","cidr_block":"0.0.0.0/0","core_network_arn":"","destination_prefix_list_id":"","egress_only_gateway_id":"","gateway_id":"","ipv6_cidr_block":"","local_gateway_id":"","nat_gateway_id":"nat-0c9546c1f0d9ed77a","network_interface_id":"","transit_gateway_id":"","vpc_endpoint_id":"","vpc_peering_connection_id":""}],"tags":{"Name":"PrivateRouteTable"},"tags_all":{"Name":"PrivateRouteTable"},"timeouts":null,"vpc_id":"vpc-03543c35a3d525474"},"after_unknown":{},"before_sensitive":{"propagating_vgws":[],"route":[],"tags":{},"tags_all":{}},"after_sensitive":{"propagating_vgws":[],"route":[{}],"tags":{},"tags_all":{}}}},{"address":"module.security_group.aws_security_group.private_sg","module_address":"module.security_group","mode":"managed","type":"aws_security_group","name":"private_sg","provider_name":"registry.terraform.io/hashicorp/aws","change":{"actions":["update"],"before":{"arn":"arn:aws:ec2:eu-west-1:483148588781:security-group/sg-08858a379f3b4df58","description":"Managed by Terraform","egress":[{"cidr_blocks":["0.0.0.0/0"],"description":"","from_port":0,"ipv6_cidr_blocks":[],"prefix_list_ids":[],"protocol":"-1","security_groups":[],"self":false,"to_port":0}],"id":"sg-08858a379f3b4df58","ingress":[{"cidr_blocks":["10.0.1.0/24"],"description":"","from_port":5432,"ipv6_cidr_blocks":[],"prefix_list_ids":[],"protocol":"tcp","security_groups":[],"self":false,"to_port":5432}],"name":"PrivateSecurityGroup","name_prefix":"","owner_id":"483148588781","revoke_rules_on_delete":false,"tags":null,"tags_all":{},"timeouts":null,"vpc_id":"vpc-03543c35a3d525474"},"after":{"arn":"arn:aws:ec2:eu-west-1:483148588781:security-group/sg-08858a379f3b4df58","description":"Managed by Terraform","egress":[{"cidr_blocks":["0.0.0.0/0"],"description":"","from_port":0,"ipv6_cidr_blocks":[],"prefix_list_ids":[],"protocol":"-1","security_groups":[],"self":false,"to_port":0}],"id":"sg-08858a379f3b4df58","ingress":[{"cidr_blocks":["10.0.1.0/24"],"description":"","from_port":5432,"ipv6_cidr_blocks":[],"prefix_list_ids":[],"protocol":"tcp","security_groups":[],"self":false,"to_port":5432}],"name":"PrivateSecurityGroup","name_prefix":"","owner_id":"483148588781","revoke_rules_on_delete":false,"tags":{},"tags_all":{},"timeouts":null,"vpc_id":"vpc-03543c35a3d525474"},"after_unknown":{},"before_sensitive":{"egress":[{"cidr_blocks":[false],"ipv6_cidr_blocks":[],"prefix_list_ids":[],"security_groups":[]}],"ingress":[{"cidr_blocks":[false],"ipv6_cidr_blocks":[],"prefix_list_ids":[],"security_groups":[]}],"tags_all":{}},"after_sensitive":{"egress":[{"cidr_blocks":[false],"ipv6_cidr_blocks":[],"prefix_list_ids":[],"security_groups":[]}],"ingress":[{"cidr_blocks":[false],"ipv6_cidr_blocks":[],"prefix_list_ids":[],"security_groups":[]}],"tags":{},"tags_all":{}}}},{"address":"module.security_group.aws_security_group.public_sg","module_address":"module.security_group","mode":"managed","type":"aws_security_group","name":"public_sg","provider_name":"registry.terraform.io/hashicorp/aws","change":{"actions":["update"],"before":{"arn":"arn:aws:ec2:eu-west-1:483148588781:security-group/sg-0ea7db43d14619652","description":"Managed by Terraform","egress":[{"cidr_blocks":["0.0.0.0/0"],"description":"","from_port":0,"ipv6_cidr_blocks":[],"prefix_list_ids":[],"protocol":"-1","security_groups":[],"self":false,"to_port":0}],"id":"sg-0ea7db43d14619652","ingress":[{"cidr_blocks":["0.0.0.0/0"],"description":"","from_port":443,"ipv6_cidr_blocks":[],"prefix_list_ids":[],"protocol":"tcp","security_groups":[],"self":false,"to_port":443},{"cidr_blocks":["0.0.0.0/0"],"description":"","from_port":80,"ipv6_cidr_blocks":[],"prefix_list_ids":[],"protocol":"tcp","security_groups":[],"self":false,"to_port":80},{"cidr_blocks":["10.0.1.0/24"],"description":"","from_port":22,"ipv6_cidr_blocks":[],"prefix_list_ids":[],"protocol":"tcp","security_groups":[],"self":false,"to_port":22}],"name":"PublicSecurityGroup","name_prefix":"","owner_id":"483148588781","revoke_rules_on_delete":false,"tags":null,"tags_all":{},"timeouts":null,"vpc_id":"vpc-03543c35a3d525474"},"after":{"arn":"arn:aws:ec2:eu-west-1:483148588781:security-group/sg-0ea7db43d14619652","description":"Managed by Terraform","egress":[{"cidr_blocks":["0.0.0.0/0"],"description":"","from_port":0,"ipv6_cidr_blocks":[],"prefix_list_ids":[],"protocol":"-1","security_groups":[],"self":false,"to_port":0}],"id":"sg-0ea7db43d14619652","ingress":[{"cidr_blocks":["0.0.0.0/0"],"description":"","from_port":443,"ipv6_cidr_blocks":[],"prefix_list_ids":[],"protocol":"tcp","security_groups":[],"self":false,"to_port":443},{"cidr_blocks":["0.0.0.0/0"],"description":"","from_port":80,"ipv6_cidr_blocks":[],"prefix_list_ids":[],"protocol":"tcp","security_groups":[],"self":false,"to_port":80},{"cidr_blocks":["10.0.1.0/24"],"description":"","from_port":22,"ipv6_cidr_blocks":[],"prefix_list_ids":[],"protocol":"tcp","security_groups":[],"self":false,"to_port":22}],"name":"PublicSecurityGroup","name_prefix":"","owner_id":"483148588781","revoke_rules_on_delete":false,"tags":{},"tags_all":{},"timeouts":null,"vpc_id":"vpc-03543c35a3d525474"},"after_unknown":{},"before_sensitive":{"egress":[{"cidr_blocks":[false],"ipv6_cidr_blocks":[],"prefix_list_ids":[],"security_groups":[]}],"ingress":[{"cidr_blocks":[false],"ipv6_cidr_blocks":[],"prefix_list_ids":[],"security_groups":[]},{"cidr_blocks":[false],"ipv6_cidr_blocks":[],"prefix_list_ids":[],"security_groups":[]},{"cidr_blocks":[false],"ipv6_cidr_blocks":[],"prefix_list_ids":[],"security_groups":[]}],"tags_all":{}},"after_sensitive":{"egress":[{"cidr_blocks":[false],"ipv6_cidr_blocks":[],"prefix_list_ids":[],"security_groups":[]}],"ingress":[{"cidr_blocks":[false],"ipv6_cidr_blocks":[],"prefix_list_ids":[],"security_groups":[]},{"cidr_blocks":[false],"ipv6_cidr_blocks":[],"prefix_list_ids":[],"security_groups":[]},{"cidr_blocks":[false],"ipv6_cidr_blocks":[],"prefix_list_ids":[],"security_groups":[]}],"tags":{},"tags_all":{}}}}],"resource_changes":[{"address":"module.ec2_instance.aws_instance.private_instance","module_address":"module.ec2_instance","mode":"managed","type":"aws_instance","name":"private_instance","provider_name":"registry.terraform.io/hashicorp/aws","change":{"actions":["delete","create"],"before":{"ami":"ami-0c38b837cd80f13bb","arn":"arn:aws:ec2:eu-west-1:483148588781:instance/i-0324db6800f3ccebe","associate_public_ip_address":false,"availability_zone":"eu-west-1a","capacity_reservation_specification":[{"capacity_reservation_preference":"open","capacity_reservation_target":[]}],"cpu_core_count":1,"cpu_options":[{"amd_sev_snp":"","core_count":1,"threads_per_core":1}],"cpu_threads_per_core":1,"credit_specification":[{"cpu_credits":"standard"}],"disable_api_stop":false,"disable_api_termination":false,"ebs_block_device":[],"ebs_optimized":false,"enclave_options":[{"enabled":false}],"ephemeral_block_device":[],"get_password_data":false,"hibernation":false,"host_id":"","host_resource_group_arn":null,"iam_instance_profile":"","id":"i-0324db6800f3ccebe","instance_initiated_shutdown_behavior":"stop","instance_lifecycle":"","instance_market_options":[],"instance_state":"running","instance_type":"t2.micro","ipv6_address_count":0,"ipv6_addresses":[],"key_name":"KCVPCkeypair","launch_template":[],"maintenance_options":[{"auto_recovery":"default"}],"metadata_options":[{"http_endpoint":"enabled","http_protocol_ipv6":"disabled","http_put_response_hop_limit":2,"http_tokens":"required","instance_metadata_tags":"disabled"}],"monitoring":false,"network_interface":[],"outpost_arn":"","password_data":"","placement_group":"","placement_partition_number":0,"primary_network_interface_id":"eni-05368105bb8414f87","private_dns":"ip-10-0-2-142.eu-west-1.compute.internal","private_dns_name_options":[{"enable_resource_name_dns_a_record":false,"enable_resource_name_dns_aaaa_record":false,"hostname_type":"ip-name"}],"private_ip":"10.0.2.142","public_dns":"","public_ip":"","root_block_device":[{"delete_on_termination":true,"device_name":"/dev/sda1","encrypted":false,"iops":3000,"kms_key_id":"","tags":{},"tags_all":{},"throughput":125,"volume_id":"vol-0c4b01a36bf1ca1f6","volume_size":8,"volume_type":"gp3"}],"secondary_private_ips":[],"security_groups":[],"source_dest_check":true,"spot_instance_request_id":"","subnet_id":"subnet-0e54fc509afbfafc7","tags":{"Name":"PrivateInstance"},"tags_all":{"Name":"PrivateInstance"},"tenancy":"default","timeouts":null,"user_data":"ac9bb9e2066b06f7583f40fb59af262703bbdf94","user_data_base64":null,"user_data_replace_on_change":false,"volume_tags":null,"vpc_security_group_ids":["sg-08858a379f3b4df58"]},"after":{"ami":"ami-0c38b837cd80f13bb","credit_specification":[],"get_password_data":false,"hibernation":null,"instance_type":"t2.micro","key_name":"KCVPCkeypair","launch_template":[],"security_groups":["sg-08858a379f3b4df58"],"source_dest_check":true,"subnet_id":"subnet-0e54fc509afbfafc7","tags":{"Name":"PrivateInstance"},"tags_all":{"Name":"PrivateInstance"},"timeouts":null,"user_data":"ac9bb9e2066b06f7583f40fb59af262703bbdf94","user_data_replace_on_change":false,"volume_tags":null},"after_unknown":{"arn":true,"associate_public_ip_address":true,"availability_zone":true,"capacity_reservation_specification":true,"cpu_core_count":true,"cpu_options":true,"cpu_threads_per_core":true,"credit_specification":[],"disable_api_stop":true,"disable_api_termination":true,"ebs_block_device":true,"ebs_optimized":true,"enclave_options":true,"ephemeral_block_device":true,"host_id":true,"host_resource_group_arn":true,"iam_instance_profile":true,"id":true,"instance_initiated_shutdown_behavior":true,"instance_lifecycle":true,"instance_market_options":true,"instance_state":true,"ipv6_address_count":true,"ipv6_addresses":true,"launch_template":[],"maintenance_options":true,"metadata_options":true,"monitoring":true,"network_interface":true,"outpost_arn":true,"password_data":true,"placement_group":true,"placement_partition_number":true,"primary_network_interface_id":true,"private_dns":true,"private_dns_name_options":true,"private_ip":true,"public_dns":true,"public_ip":true,"root_block_device":true,"secondary_private_ips":true,"security_groups":[false],"spot_instance_request_id":true,"tags":{},"tags_all":{},"tenancy":true,"user_data_base64":true,"vpc_security_group_ids":true},"before_sensitive":{"capacity_reservation_specification":[{"capacity_reservation_target":[]}],"cpu_options":[{}],"credit_specification":[{}],"ebs_block_device":[],"enclave_options":[{}],"ephemeral_block_device":[],"instance_market_options":[],"ipv6_addresses":[],"launch_template":[],"maintenance_options":[{}],"metadata_options":[{}],"network_interface":[],"private_dns_name_options":[{}],"root_block_device":[{"tags":{},"tags_all":{}}],"secondary_private_ips":[],"security_groups":[],"tags":{},"tags_all":{},"vpc_security_group_ids":[false]},"after_sensitive":{"capacity_reservation_specification":[],"cpu_options":[],"credit_specification":[],"ebs_block_device":[],"enclave_options":[],"ephemeral_block_device":[],"instance_market_options":[],"ipv6_addresses":[],"launch_template":[],"maintenance_options":[],"metadata_options":[],"network_interface":[],"private_dns_name_options":[],"root_block_device":[],"secondary_private_ips":[],"security_groups":[false],"tags":{},"tags_all":{},"vpc_security_group_ids":[]},"replace_paths":[["security_groups"]]},"action_reason":"replace_because_cannot_update"},{"address":"module.ec2_instance.aws_instance.public_instance","module_address":"module.ec2_instance","mode":"managed","type":"aws_instance","name":"public_instance","provider_name":"registry.terraform.io/hashicorp/aws","change":{"actions":["delete","create"],"before":{"ami":"ami-0c38b837cd80f13bb","arn":"arn:aws:ec2:eu-west-1:483148588781:instance/i-09d915855c4102b7d","associate_public_ip_address":true,"availability_zone":"eu-west-1a","capacity_reservation_specification":[{"capacity_reservation_preference":"open","capacity_reservation_target":[]}],"cpu_core_count":1,"cpu_options":[{"amd_sev_snp":"","core_count":1,"threads_per_core":1}],"cpu_threads_per_core":1,"credit_specification":[{"cpu_credits":"standard"}],"disable_api_stop":false,"disable_api_termination":false,"ebs_block_device":[],"ebs_optimized":false,"enclave_options":[{"enabled":false}],"ephemeral_block_device":[],"get_password_data":false,"hibernation":false,"host_id":"","host_resource_group_arn":null,"iam_instance_profile":"","id":"i-09d915855c4102b7d","instance_initiated_shutdown_behavior":"stop","instance_lifecycle":"","instance_market_options":[],"instance_state":"running","instance_type":"t2.micro","ipv6_address_count":0,"ipv6_addresses":[],"key_name":"KCVPCkeypair","launch_template":[],"maintenance_options":[{"auto_recovery":"default"}],"metadata_options":[{"http_endpoint":"enabled","http_protocol_ipv6":"disabled","http_put_response_hop_limit":2,"http_tokens":"required","instance_metadata_tags":"disabled"}],"monitoring":false,"network_interface":[],"outpost_arn":"","password_data":"","placement_group":"","placement_partition_number":0,"primary_network_interface_id":"eni-0b169e50c50694734","private_dns":"ip-10-0-1-53.eu-west-1.compute.internal","private_dns_name_options":[{"enable_resource_name_dns_a_record":false,"enable_resource_name_dns_aaaa_record":false,"hostname_type":"ip-name"}],"private_ip":"10.0.1.53","public_dns":"","public_ip":"54.171.109.66","root_block_device":[{"delete_on_termination":true,"device_name":"/dev/sda1","encrypted":false,"iops":3000,"kms_key_id":"","tags":{},"tags_all":{},"throughput":125,"volume_id":"vol-0b55c2120b809a842","volume_size":8,"volume_type":"gp3"}],"secondary_private_ips":[],"security_groups":[],"source_dest_check":true,"spot_instance_request_id":"","subnet_id":"subnet-027151fe66ed43bf3","tags":{"Name":"PublicInstance"},"tags_all":{"Name":"PublicInstance"},"tenancy":"default","timeouts":null,"user_data":"6a5aa7371031542d05377e03c9b93e12e83f9b07","user_data_base64":null,"user_data_replace_on_change":false,"volume_tags":null,"vpc_security_group_ids":["sg-0ea7db43d14619652"]},"after":{"ami":"ami-0c38b837cd80f13bb","associate_public_ip_address":true,"credit_specification":[],"get_password_data":false,"hibernation":null,"instance_type":"t2.micro","key_name":"KCVPCkeypair","launch_template":[],"security_groups":["sg-0ea7db43d14619652"],"source_dest_check":true,"subnet_id":"subnet-027151fe66ed43bf3","tags":{"Name":"PublicInstance"},"tags_all":{"Name":"PublicInstance"},"timeouts":null,"user_data":"6a5aa7371031542d05377e03c9b93e12e83f9b07","user_data_replace_on_change":false,"volume_tags":null},"after_unknown":{"arn":true,"availability_zone":true,"capacity_reservation_specification":true,"cpu_core_count":true,"cpu_options":true,"cpu_threads_per_core":true,"credit_specification":[],"disable_api_stop":true,"disable_api_termination":true,"ebs_block_device":true,"ebs_optimized":true,"enclave_options":true,"ephemeral_block_device":true,"host_id":true,"host_resource_group_arn":true,"iam_instance_profile":true,"id":true,"instance_initiated_shutdown_behavior":true,"instance_lifecycle":true,"instance_market_options":true,"instance_state":true,"ipv6_address_count":true,"ipv6_addresses":true,"launch_template":[],"maintenance_options":true,"metadata_options":true,"monitoring":true,"network_interface":true,"outpost_arn":true,"password_data":true,"placement_group":true,"placement_partition_number":true,"primary_network_interface_id":true,"private_dns":true,"private_dns_name_options":true,"private_ip":true,"public_dns":true,"public_ip":true,"root_block_device":true,"secondary_private_ips":true,"security_groups":[false],"spot_instance_request_id":true,"tags":{},"tags_all":{},"tenancy":true,"user_data_base64":true,"vpc_security_group_ids":true},"before_sensitive":{"capacity_reservation_specification":[{"capacity_reservation_target":[]}],"cpu_options":[{}],"credit_specification":[{}],"ebs_block_device":[],"enclave_options":[{}],"ephemeral_block_device":[],"instance_market_options":[],"ipv6_addresses":[],"launch_template":[],"maintenance_options":[{}],"metadata_options":[{}],"network_interface":[],"private_dns_name_options":[{}],"root_block_device":[{"tags":{},"tags_all":{}}],"secondary_private_ips":[],"security_groups":[],"tags":{},"tags_all":{},"vpc_security_group_ids":[false]},"after_sensitive":{"capacity_reservation_specification":[],"cpu_options":[],"credit_specification":[],"ebs_block_device":[],"enclave_options":[],"ephemeral_block_device":[],"instance_market_options":[],"ipv6_addresses":[],"launch_template":[],"maintenance_options":[],"metadata_options":[],"network_interface":[],"private_dns_name_options":[],"root_block_device":[],"secondary_private_ips":[],"security_groups":[false],"tags":{},"tags_all":{},"vpc_security_group_ids":[]},"replace_paths":[["security_groups"]]},"action_reason":"replace_because_cannot_update"},{"address":"module.nat_gateway.aws_eip.nat","module_address":"module.nat_gateway","mode":"managed","type":"aws_eip","name":"nat","provider_name":"registry.terraform.io/hashicorp/aws","change":{"actions":["no-op"],"before":{"address":null,"allocation_id":"eipalloc-08d83dda288f98b4c","arn":"arn:aws:ec2:eu-west-1:483148588781:elastic-ip/eipalloc-08d83dda288f98b4c","associate_with_private_ip":null,"association_id":"eipassoc-04911bf0d567fb1e3","carrier_ip":"","customer_owned_ip":"","customer_owned_ipv4_pool":"","domain":"vpc","id":"eipalloc-08d83dda288f98b4c","instance":"","network_border_group":"eu-west-1","network_interface":"eni-05b1a75941e226843","private_dns":"ip-10-0-1-229.eu-west-1.compute.internal","private_ip":"10.0.1.229","ptr_record":"","public_dns":"ec2-34-247-145-241.eu-west-1.compute.amazonaws.com","public_ip":"34.247.145.241","public_ipv4_pool":"amazon","tags":{},"tags_all":{},"timeouts":null,"vpc":true},"after":{"address":null,"allocation_id":"eipalloc-08d83dda288f98b4c","arn":"arn:aws:ec2:eu-west-1:483148588781:elastic-ip/eipalloc-08d83dda288f98b4c","associate_with_private_ip":null,"association_id":"eipassoc-04911bf0d567fb1e3","carrier_ip":"","customer_owned_ip":"","customer_owned_ipv4_pool":"","domain":"vpc","id":"eipalloc-08d83dda288f98b4c","instance":"","network_border_group":"eu-west-1","network_interface":"eni-05b1a75941e226843","private_dns":"ip-10-0-1-229.eu-west-1.compute.internal","private_ip":"10.0.1.229","ptr_record":"","public_dns":"ec2-34-247-145-241.eu-west-1.compute.amazonaws.com","public_ip":"34.247.145.241","public_ipv4_pool":"amazon","tags":{},"tags_all":{},"timeouts":null,"vpc":true},"after_unknown":{},"before_sensitive":{"tags":{},"tags_all":{}},"after_sensitive":{"tags":{},"tags_all":{}}}},{"address":"module.nat_gateway.aws_nat_gateway.nat","module_address":"module.nat_gateway","mode":"managed","type":"aws_nat_gateway","name":"nat","provider_name":"registry.terraform.io/hashicorp/aws","change":{"actions":["no-op"],"before":{"allocation_id":"eipalloc-08d83dda288f98b4c","association_id":"eipassoc-04911bf0d567fb1e3","connectivity_type":"public","id":"nat-0c9546c1f0d9ed77a","network_interface_id":"eni-05b1a75941e226843","private_ip":"10.0.1.229","public_ip":"34.247.145.241","secondary_allocation_ids":[],"secondary_private_ip_address_count":0,"secondary_private_ip_addresses":[],"subnet_id":"subnet-027151fe66ed43bf3","tags":{"Name":"KCVPC-NAT"},"tags_all":{"Name":"KCVPC-NAT"},"timeouts":null},"after":{"allocation_id":"eipalloc-08d83dda288f98b4c","association_id":"eipassoc-04911bf0d567fb1e3","connectivity_type":"public","id":"nat-0c9546c1f0d9ed77a","network_interface_id":"eni-05b1a75941e226843","private_ip":"10.0.1.229","public_ip":"34.247.145.241","secondary_allocation_ids":[],"secondary_private_ip_address_count":0,"secondary_private_ip_addresses":[],"subnet_id":"subnet-027151fe66ed43bf3","tags":{"Name":"KCVPC-NAT"},"tags_all":{"Name":"KCVPC-NAT"},"timeouts":null},"after_unknown":{},"before_sensitive":{"secondary_allocation_ids":[],"secondary_private_ip_addresses":[],"tags":{},"tags_all":{}},"after_sensitive":{"secondary_allocation_ids":[],"secondary_private_ip_addresses":[],"tags":{},"tags_all":{}}}},{"address":"module.nat_gateway.aws_route.private_nat","module_address":"module.nat_gateway","mode":"managed","type":"aws_route","name":"private_nat","provider_name":"registry.terraform.io/hashicorp/aws","change":{"actions":["no-op"],"before":{"carrier_gateway_id":"","core_network_arn":"","destination_cidr_block":"0.0.0.0/0","destination_ipv6_cidr_block":"","destination_prefix_list_id":"","egress_only_gateway_id":"","gateway_id":"","id":"r-rtb-0d944248e9ec42b5f1080289494","instance_id":"","instance_owner_id":"","local_gateway_id":"","nat_gateway_id":"nat-0c9546c1f0d9ed77a","network_interface_id":"","origin":"CreateRoute","route_table_id":"rtb-0d944248e9ec42b5f","state":"active","timeouts":null,"transit_gateway_id":"","vpc_endpoint_id":"","vpc_peering_connection_id":""},"after":{"carrier_gateway_id":"","core_network_arn":"","destination_cidr_block":"0.0.0.0/0","destination_ipv6_cidr_block":"","destination_prefix_list_id":"","egress_only_gateway_id":"","gateway_id":"","id":"r-rtb-0d944248e9ec42b5f1080289494","instance_id":"","instance_owner_id":"","local_gateway_id":"","nat_gateway_id":"nat-0c9546c1f0d9ed77a","network_interface_id":"","origin":"CreateRoute","route_table_id":"rtb-0d944248e9ec42b5f","state":"active","timeouts":null,"transit_gateway_id":"","vpc_endpoint_id":"","vpc_peering_connection_id":""},"after_unknown":{},"before_sensitive":{},"after_sensitive":{}}},{"address":"module.route_table.aws_route_table.private","module_address":"module.route_table","mode":"managed","type":"aws_route_table","name":"private","provider_name":"registry.terraform.io/hashicorp/aws","change":{"actions":["no-op"],"before":{"arn":"arn:aws:ec2:eu-west-1:483148588781:route-table/rtb-0d944248e9ec42b5f","id":"rtb-0d944248e9ec42b5f","owner_id":"483148588781","propagating_vgws":[],"route":[{"carrier_gateway_id":"","cidr_block":"0.0.0.0/0","core_network_arn":"","destination_prefix_list_id":"","egress_only_gateway_id":"","gateway_id":"","ipv6_cidr_block":"","local_gateway_id":"","nat_gateway_id":"nat-0c9546c1f0d9ed77a","network_interface_id":"","transit_gateway_id":"","vpc_endpoint_id":"","vpc_peering_connection_id":""}],"tags":{"Name":"PrivateRouteTable"},"tags_all":{"Name":"PrivateRouteTable"},"timeouts":null,"vpc_id":"vpc-03543c35a3d525474"},"after":{"arn":"arn:aws:ec2:eu-west-1:483148588781:route-table/rtb-0d944248e9ec42b5f","id":"rtb-0d944248e9ec42b5f","owner_id":"483148588781","propagating_vgws":[],"route":[{"carrier_gateway_id":"","cidr_block":"0.0.0.0/0","core_network_arn":"","destination_prefix_list_id":"","egress_only_gateway_id":"","gateway_id":"","ipv6_cidr_block":"","local_gateway_id":"","nat_gateway_id":"nat-0c9546c1f0d9ed77a","network_interface_id":"","transit_gateway_id":"","vpc_endpoint_id":"","vpc_peering_connection_id":""}],"tags":{"Name":"PrivateRouteTable"},"tags_all":{"Name":"PrivateRouteTable"},"timeouts":null,"vpc_id":"vpc-03543c35a3d525474"},"after_unknown":{},"before_sensitive":{"propagating_vgws":[],"route":[{}],"tags":{},"tags_all":{}},"after_sensitive":{"propagating_vgws":[],"route":[{}],"tags":{},"tags_all":{}}}},{"address":"module.route_table.aws_route_table.public","module_address":"module.route_table","mode":"managed","type":"aws_route_table","name":"public","provider_name":"registry.terraform.io/hashicorp/aws","change":{"actions":["no-op"],"before":{"arn":"arn:aws:ec2:eu-west-1:483148588781:route-table/rtb-017bb5fa96dea506a","id":"rtb-017bb5fa96dea506a","owner_id":"483148588781","propagating_vgws":[],"route":[{"carrier_gateway_id":"","cidr_block":"0.0.0.0/0","core_network_arn":"","destination_prefix_list_id":"","egress_only_gateway_id":"","gateway_id":"igw-0c15abb25dd8178da","ipv6_cidr_block":"","local_gateway_id":"","nat_gateway_id":"","network_interface_id":"","transit_gateway_id":"","vpc_endpoint_id":"","vpc_peering_connection_id":""}],"tags":{"Name":"PublicRouteTable"},"tags_all":{"Name":"PublicRouteTable"},"timeouts":null,"vpc_id":"vpc-03543c35a3d525474"},"after":{"arn":"arn:aws:ec2:eu-west-1:483148588781:route-table/rtb-017bb5fa96dea506a","id":"rtb-017bb5fa96dea506a","owner_id":"483148588781","propagating_vgws":[],"route":[{"carrier_gateway_id":"","cidr_block":"0.0.0.0/0","core_network_arn":"","destination_prefix_list_id":"","egress_only_gateway_id":"","gateway_id":"igw-0c15abb25dd8178da","ipv6_cidr_block":"","local_gateway_id":"","nat_gateway_id":"","network_interface_id":"","transit_gateway_id":"","vpc_endpoint_id":"","vpc_peering_connection_id":""}],"tags":{"Name":"PublicRouteTable"},"tags_all":{"Name":"PublicRouteTable"},"timeouts":null,"vpc_id":"vpc-03543c35a3d525474"},"after_unknown":{},"before_sensitive":{"propagating_vgws":[],"route":[{}],"tags":{},"tags_all":{}},"after_sensitive":{"propagating_vgws":[],"route":[{}],"tags":{},"tags_all":{}}}},{"address":"module.route_table.aws_route_table_association.private","module_address":"module.route_table","mode":"managed","type":"aws_route_table_association","name":"private","provider_name":"registry.terraform.io/hashicorp/aws","change":{"actions":["no-op"],"before":{"gateway_id":"","id":"rtbassoc-0a63cc3c592d1d5c9","route_table_id":"rtb-0d944248e9ec42b5f","subnet_id":"subnet-0e54fc509afbfafc7","timeouts":null},"after":{"gateway_id":"","id":"rtbassoc-0a63cc3c592d1d5c9","route_table_id":"rtb-0d944248e9ec42b5f","subnet_id":"subnet-0e54fc509afbfafc7","timeouts":null},"after_unknown":{},"before_sensitive":{},"after_sensitive":{}}},{"address":"module.route_table.aws_route_table_association.public","module_address":"module.route_table","mode":"managed","type":"aws_route_table_association","name":"public","provider_name":"registry.terraform.io/hashicorp/aws","change":{"actions":["no-op"],"before":{"gateway_id":"","id":"rtbassoc-004058ce2a4664108","route_table_id":"rtb-017bb5fa96dea506a","subnet_id":"subnet-027151fe66ed43bf3","timeouts":null},"after":{"gateway_id":"","id":"rtbassoc-004058ce2a4664108","route_table_id":"rtb-017bb5fa96dea506a","subnet_id":"subnet-027151fe66ed43bf3","timeouts":null},"after_unknown":{},"before_sensitive":{},"after_sensitive":{}}},{"address":"module.security_group.aws_security_group.private_sg","module_address":"module.security_group","mode":"managed","type":"aws_security_group","name":"private_sg","provider_name":"registry.terraform.io/hashicorp/aws","change":{"actions":["no-op"],"before":{"arn":"arn:aws:ec2:eu-west-1:483148588781:security-group/sg-08858a379f3b4df58","description":"Managed by Terraform","egress":[{"cidr_blocks":["0.0.0.0/0"],"description":"","from_port":0,"ipv6_cidr_blocks":[],"prefix_list_ids":[],"protocol":"-1","security_groups":[],"self":false,"to_port":0}],"id":"sg-08858a379f3b4df58","ingress":[{"cidr_blocks":["10.0.1.0/24"],"description":"","from_port":5432,"ipv6_cidr_blocks":[],"prefix_list_ids":[],"protocol":"tcp","security_groups":[],"self":false,"to_port":5432}],"name":"PrivateSecurityGroup","name_prefix":"","owner_id":"483148588781","revoke_rules_on_delete":false,"tags":{},"tags_all":{},"timeouts":null,"vpc_id":"vpc-03543c35a3d525474"},"after":{"arn":"arn:aws:ec2:eu-west-1:483148588781:security-group/sg-08858a379f3b4df58","description":"Managed by Terraform","egress":[{"cidr_blocks":["0.0.0.0/0"],"description":"","from_port":0,"ipv6_cidr_blocks":[],"prefix_list_ids":[],"protocol":"-1","security_groups":[],"self":false,"to_port":0}],"id":"sg-08858a379f3b4df58","ingress":[{"cidr_blocks":["10.0.1.0/24"],"description":"","from_port":5432,"ipv6_cidr_blocks":[],"prefix_list_ids":[],"protocol":"tcp","security_groups":[],"self":false,"to_port":5432}],"name":"PrivateSecurityGroup","name_prefix":"","owner_id":"483148588781","revoke_rules_on_delete":false,"tags":{},"tags_all":{},"timeouts":null,"vpc_id":"vpc-03543c35a3d525474"},"after_unknown":{},"before_sensitive":{"egress":[{"cidr_blocks":[false],"ipv6_cidr_blocks":[],"prefix_list_ids":[],"security_groups":[]}],"ingress":[{"cidr_blocks":[false],"ipv6_cidr_blocks":[],"prefix_list_ids":[],"security_groups":[]}],"tags":{},"tags_all":{}},"after_sensitive":{"egress":[{"cidr_blocks":[false],"ipv6_cidr_blocks":[],"prefix_list_ids":[],"security_groups":[]}],"ingress":[{"cidr_blocks":[false],"ipv6_cidr_blocks":[],"prefix_list_ids":[],"security_groups":[]}],"tags":{},"tags_all":{}}}},{"address":"module.security_group.aws_security_group.public_sg","module_address":"module.security_group","mode":"managed","type":"aws_security_group","name":"public_sg","provider_name":"registry.terraform.io/hashicorp/aws","change":{"actions":["no-op"],"before":{"arn":"arn:aws:ec2:eu-west-1:483148588781:security-group/sg-0ea7db43d14619652","description":"Managed by Terraform","egress":[{"cidr_blocks":["0.0.0.0/0"],"description":"","from_port":0,"ipv6_cidr_blocks":[],"prefix_list_ids":[],"protocol":"-1","security_groups":[],"self":false,"to_port":0}],"id":"sg-0ea7db43d14619652","ingress":[{"cidr_blocks":["0.0.0.0/0"],"description":"","from_port":443,"ipv6_cidr_blocks":[],"prefix_list_ids":[],"protocol":"tcp","security_groups":[],"self":false,"to_port":443},{"cidr_blocks":["0.0.0.0/0"],"description":"","from_port":80,"ipv6_cidr_blocks":[],"prefix_list_ids":[],"protocol":"tcp","security_groups":[],"self":false,"to_port":80},{"cidr_blocks":["10.0.1.0/24"],"description":"","from_port":22,"ipv6_cidr_blocks":[],"prefix_list_ids":[],"protocol":"tcp","security_groups":[],"self":false,"to_port":22}],"name":"PublicSecurityGroup","name_prefix":"","owner_id":"483148588781","revoke_rules_on_delete":false,"tags":{},"tags_all":{},"timeouts":null,"vpc_id":"vpc-03543c35a3d525474"},"after":{"arn":"arn:aws:ec2:eu-west-1:483148588781:security-group/sg-0ea7db43d14619652","description":"Managed by Terraform","egress":[{"cidr_blocks":["0.0.0.0/0"],"description":"","from_port":0,"ipv6_cidr_blocks":[],"prefix_list_ids":[],"protocol":"-1","security_groups":[],"self":false,"to_port":0}],"id":"sg-0ea7db43d14619652","ingress":[{"cidr_blocks":["0.0.0.0/0"],"description":"","from_port":443,"ipv6_cidr_blocks":[],"prefix_list_ids":[],"protocol":"tcp","security_groups":[],"self":false,"to_port":443},{"cidr_blocks":["0.0.0.0/0"],"description":"","from_port":80,"ipv6_cidr_blocks":[],"prefix_list_ids":[],"protocol":"tcp","security_groups":[],"self":false,"to_port":80},{"cidr_blocks":["10.0.1.0/24"],"description":"","from_port":22,"ipv6_cidr_blocks":[],"prefix_list_ids":[],"protocol":"tcp","security_groups":[],"self":false,"to_port":22}],"name":"PublicSecurityGroup","name_prefix":"","owner_id":"483148588781","revoke_rules_on_delete":false,"tags":{},"tags_all":{},"timeouts":null,"vpc_id":"vpc-03543c35a3d525474"},"after_unknown":{},"before_sensitive":{"egress":[{"cidr_blocks":[false],"ipv6_cidr_blocks":[],"prefix_list_ids":[],"security_groups":[]}],"ingress":[{"cidr_blocks":[false],"ipv6_cidr_blocks":[],"prefix_list_ids":[],"security_groups":[]},{"cidr_blocks":[false],"ipv6_cidr_blocks":[],"prefix_list_ids":[],"security_groups":[]},{"cidr_blocks":[false],"ipv6_cidr_blocks":[],"prefix_list_ids":[],"security_groups":[]}],"tags":{},"tags_all":{}},"after_sensitive":{"egress":[{"cidr_blocks":[false],"ipv6_cidr_blocks":[],"prefix_list_ids":[],"security_groups":[]}],"ingress":[{"cidr_blocks":[false],"ipv6_cidr_blocks":[],"prefix_list_ids":[],"security_groups":[]},{"cidr_blocks":[false],"ipv6_cidr_blocks":[],"prefix_list_ids":[],"security_groups":[]},{"cidr_blocks":[false],"ipv6_cidr_blocks":[],"prefix_list_ids":[],"security_groups":[]}],"tags":{},"tags_all":{}}}},{"address":"module.subnet.aws_subnet.private","module_address":"module.subnet","mode":"managed","type":"aws_subnet","name":"private","provider_name":"registry.terraform.io/hashicorp/aws","change":{"actions":["no-op"],"before":{"arn":"arn:aws:ec2:eu-west-1:483148588781:subnet/subnet-0e54fc509afbfafc7","assign_ipv6_address_on_creation":false,"availability_zone":"eu-west-1a","availability_zone_id":"euw1-az2","cidr_block":"10.0.2.0/24","customer_owned_ipv4_pool":"","enable_dns64":false,"enable_lni_at_device_index":0,"enable_resource_name_dns_a_record_on_launch":false,"enable_resource_name_dns_aaaa_record_on_launch":false,"id":"subnet-0e54fc509afbfafc7","ipv6_cidr_block":"","ipv6_cidr_block_association_id":"","ipv6_native":false,"map_customer_owned_ip_on_launch":false,"map_public_ip_on_launch":false,"outpost_arn":"","owner_id":"483148588781","private_dns_hostname_type_on_launch":"ip-name","tags":{"Name":"PrivateSubnet"},"tags_all":{"Name":"PrivateSubnet"},"timeouts":null,"vpc_id":"vpc-03543c35a3d525474"},"after":{"arn":"arn:aws:ec2:eu-west-1:483148588781:subnet/subnet-0e54fc509afbfafc7","assign_ipv6_address_on_creation":false,"availability_zone":"eu-west-1a","availability_zone_id":"euw1-az2","cidr_block":"10.0.2.0/24","customer_owned_ipv4_pool":"","enable_dns64":false,"enable_lni_at_device_index":0,"enable_resource_name_dns_a_record_on_launch":false,"enable_resource_name_dns_aaaa_record_on_launch":false,"id":"subnet-0e54fc509afbfafc7","ipv6_cidr_block":"","ipv6_cidr_block_association_id":"","ipv6_native":false,"map_customer_owned_ip_on_launch":false,"map_public_ip_on_launch":false,"outpost_arn":"","owner_id":"483148588781","private_dns_hostname_type_on_launch":"ip-name","tags":{"Name":"PrivateSubnet"},"tags_all":{"Name":"PrivateSubnet"},"timeouts":null,"vpc_id":"vpc-03543c35a3d525474"},"after_unknown":{},"before_sensitive":{"tags":{},"tags_all":{}},"after_sensitive":{"tags":{},"tags_all":{}}}},{"address":"module.subnet.aws_subnet.public","module_address":"module.subnet","mode":"managed","type":"aws_subnet","name":"public","provider_name":"registry.terraform.io/hashicorp/aws","change":{"actions":["no-op"],"before":{"arn":"arn:aws:ec2:eu-west-1:483148588781:subnet/subnet-027151fe66ed43bf3","assign_ipv6_address_on_creation":false,"availability_zone":"eu-west-1a","availability_zone_id":"euw1-az2","cidr_block":"10.0.1.0/24","customer_owned_ipv4_pool":"","enable_dns64":false,"enable_lni_at_device_index":0,"enable_resource_name_dns_a_record_on_launch":false,"enable_resource_name_dns_aaaa_record_on_launch":false,"id":"subnet-027151fe66ed43bf3","ipv6_cidr_block":"","ipv6_cidr_block_association_id":"","ipv6_native":false,"map_customer_owned_ip_on_launch":false,"map_public_ip_on_launch":true,"outpost_arn":"","owner_id":"483148588781","private_dns_hostname_type_on_launch":"ip-name","tags":{"Name":"PublicSubnet"},"tags_all":{"Name":"PublicSubnet"},"timeouts":null,"vpc_id":"vpc-03543c35a3d525474"},"after":{"arn":"arn:aws:ec2:eu-west-1:483148588781:subnet/subnet-027151fe66ed43bf3","assign_ipv6_address_on_creation":false,"availability_zone":"eu-west-1a","availability_zone_id":"euw1-az2","cidr_block":"10.0.1.0/24","customer_owned_ipv4_pool":"","enable_dns64":false,"enable_lni_at_device_index":0,"enable_resource_name_dns_a_record_on_launch":false,"enable_resource_name_dns_aaaa_record_on_launch":false,"id":"subnet-027151fe66ed43bf3","ipv6_cidr_block":"","ipv6_cidr_block_association_id":"","ipv6_native":false,"map_customer_owned_ip_on_launch":false,"map_public_ip_on_launch":true,"outpost_arn":"","owner_id":"483148588781","private_dns_hostname_type_on_launch":"ip-name","tags":{"Name":"PublicSubnet"},"tags_all":{"Name":"PublicSubnet"},"timeouts":null,"vpc_id":"vpc-03543c35a3d525474"},"after_unknown":{},"before_sensitive":{"tags":{},"tags_all":{}},"after_sensitive":{"tags":{},"tags_all":{}}}},{"address":"module.vpc.aws_internet_gateway.main","module_address":"module.vpc","mode":"managed","type":"aws_internet_gateway","name":"main","provider_name":"registry.terraform.io/hashicorp/aws","change":{"actions":["no-op"],"before":{"arn":"arn:aws:ec2:eu-west-1:483148588781:internet-gateway/igw-0c15abb25dd8178da","id":"igw-0c15abb25dd8178da","owner_id":"483148588781","tags":{"Name":"KCVPC-IGW"},"tags_all":{"Name":"KCVPC-IGW"},"timeouts":null,"vpc_id":"vpc-03543c35a3d525474"},"after":{"arn":"arn:aws:ec2:eu-west-1:483148588781:internet-gateway/igw-0c15abb25dd8178da","id":"igw-0c15abb25dd8178da","owner_id":"483148588781","tags":{"Name":"KCVPC-IGW"},"tags_all":{"Name":"KCVPC-IGW"},"timeouts":null,"vpc_id":"vpc-03543c35a3d525474"},"after_unknown":{},"before_sensitive":{"tags":{},"tags_all":{}},"after_sensitive":{"tags":{},"tags_all":{}}}},{"address":"module.vpc.aws_vpc.main","module_address":"module.vpc","mode":"managed","type":"aws_vpc","name":"main","provider_name":"registry.terraform.io/hashicorp/aws","change":{"actions":["no-op"],"before":{"arn":"arn:aws:ec2:eu-west-1:483148588781:vpc/vpc-03543c35a3d525474","assign_generated_ipv6_cidr_block":false,"cidr_block":"10.0.0.0/16","default_network_acl_id":"acl-0a5d7d864f2479051","default_route_table_id":"rtb-047ea148a78e494f4","default_security_group_id":"sg-06d8c93cbe16c87ee","dhcp_options_id":"dopt-008e73f6bc1a79ead","enable_dns_hostnames":false,"enable_dns_support":true,"enable_network_address_usage_metrics":false,"id":"vpc-03543c35a3d525474","instance_tenancy":"default","ipv4_ipam_pool_id":null,"ipv4_netmask_length":null,"ipv6_association_id":"","ipv6_cidr_block":"","ipv6_cidr_block_network_border_group":"","ipv6_ipam_pool_id":"","ipv6_netmask_length":0,"main_route_table_id":"rtb-047ea148a78e494f4","owner_id":"483148588781","tags":{"Name":"KCVPC"},"tags_all":{"Name":"KCVPC"}},"after":{"arn":"arn:aws:ec2:eu-west-1:483148588781:vpc/vpc-03543c35a3d525474","assign_generated_ipv6_cidr_block":false,"cidr_block":"10.0.0.0/16","default_network_acl_id":"acl-0a5d7d864f2479051","default_route_table_id":"rtb-047ea148a78e494f4","default_security_group_id":"sg-06d8c93cbe16c87ee","dhcp_options_id":"dopt-008e73f6bc1a79ead","enable_dns_hostnames":false,"enable_dns_support":true,"enable_network_address_usage_metrics":false,"id":"vpc-03543c35a3d525474","instance_tenancy":"default","ipv4_ipam_pool_id":null,"ipv4_netmask_length":null,"ipv6_association_id":"","ipv6_cidr_block":"","ipv6_cidr_block_network_border_group":"","ipv6_ipam_pool_id":"","ipv6_netmask_length":0,"main_route_table_id":"rtb-047ea148a78e494f4","owner_id":"483148588781","tags":{"Name":"KCVPC"},"tags_all":{"Name":"KCVPC"}},"after_unknown":{},"before_sensitive":{"tags":{},"tags_all":{}},"after_sensitive":{"tags":{},"tags_all":{}}}}],"output_changes":{"private_instance_id":{"actions":["update"],"before":"i-0324db6800f3ccebe","after_unknown":true,"before_sensitive":false,"after_sensitive":false},"private_subnet_id":{"actions":["no-op"],"before":"subnet-0e54fc509afbfafc7","after":"subnet-0e54fc509afbfafc7","after_unknown":false,"before_sensitive":false,"after_sensitive":false},"public_instance_id":{"actions":["update"],"before":"i-09d915855c4102b7d","after_unknown":true,"before_sensitive":false,"after_sensitive":false},"public_subnet_id":{"actions":["no-op"],"before":"subnet-027151fe66ed43bf3","after":"subnet-027151fe66ed43bf3","after_unknown":false,"before_sensitive":false,"after_sensitive":false},"vpc_id":{"actions":["no-op"],"before":"vpc-03543c35a3d525474","after":"vpc-03543c35a3d525474","after_unknown":false,"before_sensitive":false,"after_sensitive":false}},"prior_state":{"format_version":"1.0","terraform_version":"1.9.1","values":{"outputs":{"private_instance_id":{"sensitive":false,"value":"i-0324db6800f3ccebe","type":"string"},"private_subnet_id":{"sensitive":false,"value":"subnet-0e54fc509afbfafc7","type":"string"},"public_instance_id":{"sensitive":false,"value":"i-09d915855c4102b7d","type":"string"},"public_subnet_id":{"sensitive":false,"value":"subnet-027151fe66ed43bf3","type":"string"},"vpc_id":{"sensitive":false,"value":"vpc-03543c35a3d525474","type":"string"}},"root_module":{"child_modules":[{"resources":[{"address":"module.ec2_instance.data.aws_key_pair.key_pair","mode":"data","type":"aws_key_pair","name":"key_pair","provider_name":"registry.terraform.io/hashicorp/aws","schema_version":0,"values":{"arn":"arn:aws:ec2:eu-west-1:483148588781:key-pair/KCVPCkeypair","create_time":"2024-07-22T10:46:46Z","filter":null,"fingerprint":"d4:11:0c:2d:d3:b9:d6:71:ed:59:61:1a:e3:d7:89:ff","id":"key-0cc175b51687ff11c","include_public_key":true,"key_name":"KCVPCkeypair","key_pair_id":"key-0cc175b51687ff11c","key_type":"rsa","public_key":"ssh-rsa AAAAB3NzaC1yc2EAAAADAQABAAABAQDMYUwOgQpGjpuz5HGpyKPHiZkqFCtmJXe8r2NsRUVt3Ikh8R5jnucXsklB4WdhUE4+LOYjtDMolcTywfgmahH1+2wJz5fH9Jb2IxTqhsCDQsVSX8D7bEMWe23zT09px4emGiWj9wfEASiBUf1y3W4UMBe0aP2Z6p8JoSP8jN21GTiw9VtRL5Ncn51GQSAre41K2b8xZzcXesCM0ppIDZpONUIQr8/htr3htOIANjx5ILxF6/lFejI4+vLqfpYhvU6/q8FWJijlT4rwkxp09+3IL587cwK8KYOQ94BzFhYDMePlf077QlnAzCOy/W0gxlYF/+iGXzvUCs8Qj/JQ5qql KCVPCkeypair\n","tags":{},"timeouts":null},"sensitive_values":{"tags":{}}},{"address":"module.ec2_instance.aws_instance.private_instance","mode":"managed","type":"aws_instance","name":"private_instance","provider_name":"registry.terraform.io/hashicorp/aws","schema_version":1,"values":{"ami":"ami-0c38b837cd80f13bb","arn":"arn:aws:ec2:eu-west-1:483148588781:instance/i-0324db6800f3ccebe","associate_public_ip_address":false,"availability_zone":"eu-west-1a","capacity_reservation_specification":[{"capacity_reservation_preference":"open","capacity_reservation_target":[]}],"cpu_core_count":1,"cpu_options":[{"amd_sev_snp":"","core_count":1,"threads_per_core":1}],"cpu_threads_per_core":1,"credit_specification":[{"cpu_credits":"standard"}],"disable_api_stop":false,"disable_api_termination":false,"ebs_block_device":[],"ebs_optimized":false,"enclave_options":[{"enabled":false}],"ephemeral_block_device":[],"get_password_data":false,"hibernation":false,"host_id":"","host_resource_group_arn":null,"iam_instance_profile":"","id":"i-0324db6800f3ccebe","instance_initiated_shutdown_behavior":"stop","instance_lifecycle":"","instance_market_options":[],"instance_state":"running","instance_type":"t2.micro","ipv6_address_count":0,"ipv6_addresses":[],"key_name":"KCVPCkeypair","launch_template":[],"maintenance_options":[{"auto_recovery":"default"}],"metadata_options":[{"http_endpoint":"enabled","http_protocol_ipv6":"disabled","http_put_response_hop_limit":2,"http_tokens":"required","instance_metadata_tags":"disabled"}],"monitoring":false,"network_interface":[],"outpost_arn":"","password_data":"","placement_group":"","placement_partition_number":0,"primary_network_interface_id":"eni-05368105bb8414f87","private_dns":"ip-10-0-2-142.eu-west-1.compute.internal","private_dns_name_options":[{"enable_resource_name_dns_a_record":false,"enable_resource_name_dns_aaaa_record":false,"hostname_type":"ip-name"}],"private_ip":"10.0.2.142","public_dns":"","public_ip":"","root_block_device":[{"delete_on_termination":true,"device_name":"/dev/sda1","encrypted":false,"iops":3000,"kms_key_id":"","tags":{},"tags_all":{},"throughput":125,"volume_id":"vol-0c4b01a36bf1ca1f6","volume_size":8,"volume_type":"gp3"}],"secondary_private_ips":[],"security_groups":[],"source_dest_check":true,"spot_instance_request_id":"","subnet_id":"subnet-0e54fc509afbfafc7","tags":{"Name":"PrivateInstance"},"tags_all":{"Name":"PrivateInstance"},"tenancy":"default","timeouts":null,"user_data":"ac9bb9e2066b06f7583f40fb59af262703bbdf94","user_data_base64":null,"user_data_replace_on_change":false,"volume_tags":null,"vpc_security_group_ids":["sg-08858a379f3b4df58"]},"sensitive_values":{"capacity_reservation_specification":[{"capacity_reservation_target":[]}],"cpu_options":[{}],"credit_specification":[{}],"ebs_block_device":[],"enclave_options":[{}],"ephemeral_block_device":[],"instance_market_options":[],"ipv6_addresses":[],"launch_template":[],"maintenance_options":[{}],"metadata_options":[{}],"network_interface":[],"private_dns_name_options":[{}],"root_block_device":[{"tags":{},"tags_all":{}}],"secondary_private_ips":[],"security_groups":[],"tags":{},"tags_all":{},"vpc_security_group_ids":[false]},"depends_on":["module.ec2_instance.data.aws_key_pair.key_pair","module.security_group.aws_security_group.private_sg","module.subnet.aws_subnet.private","module.vpc.aws_vpc.main"]},{"address":"module.ec2_instance.aws_instance.public_instance","mode":"managed","type":"aws_instance","name":"public_instance","provider_name":"registry.terraform.io/hashicorp/aws","schema_version":1,"values":{"ami":"ami-0c38b837cd80f13bb","arn":"arn:aws:ec2:eu-west-1:483148588781:instance/i-09d915855c4102b7d","associate_public_ip_address":true,"availability_zone":"eu-west-1a","capacity_reservation_specification":[{"capacity_reservation_preference":"open","capacity_reservation_target":[]}],"cpu_core_count":1,"cpu_options":[{"amd_sev_snp":"","core_count":1,"threads_per_core":1}],"cpu_threads_per_core":1,"credit_specification":[{"cpu_credits":"standard"}],"disable_api_stop":false,"disable_api_termination":false,"ebs_block_device":[],"ebs_optimized":false,"enclave_options":[{"enabled":false}],"ephemeral_block_device":[],"get_password_data":false,"hibernation":false,"host_id":"","host_resource_group_arn":null,"iam_instance_profile":"","id":"i-09d915855c4102b7d","instance_initiated_shutdown_behavior":"stop","instance_lifecycle":"","instance_market_options":[],"instance_state":"running","instance_type":"t2.micro","ipv6_address_count":0,"ipv6_addresses":[],"key_name":"KCVPCkeypair","launch_template":[],"maintenance_options":[{"auto_recovery":"default"}],"metadata_options":[{"http_endpoint":"enabled","http_protocol_ipv6":"disabled","http_put_response_hop_limit":2,"http_tokens":"required","instance_metadata_tags":"disabled"}],"monitoring":false,"network_interface":[],"outpost_arn":"","password_data":"","placement_group":"","placement_partition_number":0,"primary_network_interface_id":"eni-0b169e50c50694734","private_dns":"ip-10-0-1-53.eu-west-1.compute.internal","private_dns_name_options":[{"enable_resource_name_dns_a_record":false,"enable_resource_name_dns_aaaa_record":false,"hostname_type":"ip-name"}],"private_ip":"10.0.1.53","public_dns":"","public_ip":"54.171.109.66","root_block_device":[{"delete_on_termination":true,"device_name":"/dev/sda1","encrypted":false,"iops":3000,"kms_key_id":"","tags":{},"tags_all":{},"throughput":125,"volume_id":"vol-0b55c2120b809a842","volume_size":8,"volume_type":"gp3"}],"secondary_private_ips":[],"security_groups":[],"source_dest_check":true,"spot_instance_request_id":"","subnet_id":"subnet-027151fe66ed43bf3","tags":{"Name":"PublicInstance"},"tags_all":{"Name":"PublicInstance"},"tenancy":"default","timeouts":null,"user_data":"6a5aa7371031542d05377e03c9b93e12e83f9b07","user_data_base64":null,"user_data_replace_on_change":false,"volume_tags":null,"vpc_security_group_ids":["sg-0ea7db43d14619652"]},"sensitive_values":{"capacity_reservation_specification":[{"capacity_reservation_target":[]}],"cpu_options":[{}],"credit_specification":[{}],"ebs_block_device":[],"enclave_options":[{}],"ephemeral_block_device":[],"instance_market_options":[],"ipv6_addresses":[],"launch_template":[],"maintenance_options":[{}],"metadata_options":[{}],"network_interface":[],"private_dns_name_options":[{}],"root_block_device":[{"tags":{},"tags_all":{}}],"secondary_private_ips":[],"security_groups":[],"tags":{},"tags_all":{},"vpc_security_group_ids":[false]},"depends_on":["module.ec2_instance.data.aws_key_pair.key_pair","module.security_group.aws_security_group.public_sg","module.subnet.aws_subnet.public","module.vpc.aws_vpc.main"]}],"address":"module.ec2_instance"},{"resources":[{"address":"module.nat_gateway.aws_eip.nat","mode":"managed","type":"aws_eip","name":"nat","provider_name":"registry.terraform.io/hashicorp/aws","schema_version":0,"values":{"address":null,"allocation_id":"eipalloc-08d83dda288f98b4c","arn":"arn:aws:ec2:eu-west-1:483148588781:elastic-ip/eipalloc-08d83dda288f98b4c","associate_with_private_ip":null,"association_id":"eipassoc-04911bf0d567fb1e3","carrier_ip":"","customer_owned_ip":"","customer_owned_ipv4_pool":"","domain":"vpc","id":"eipalloc-08d83dda288f98b4c","instance":"","network_border_group":"eu-west-1","network_interface":"eni-05b1a75941e226843","private_dns":"ip-10-0-1-229.eu-west-1.compute.internal","private_ip":"10.0.1.229","ptr_record":"","public_dns":"ec2-34-247-145-241.eu-west-1.compute.amazonaws.com","public_ip":"34.247.145.241","public_ipv4_pool":"amazon","tags":{},"tags_all":{},"timeouts":null,"vpc":true},"sensitive_values":{"tags":{},"tags_all":{}}},{"address":"module.nat_gateway.aws_nat_gateway.nat","mode":"managed","type":"aws_nat_gateway","name":"nat","provider_name":"registry.terraform.io/hashicorp/aws","schema_version":0,"values":{"allocation_id":"eipalloc-08d83dda288f98b4c","association_id":"eipassoc-04911bf0d567fb1e3","connectivity_type":"public","id":"nat-0c9546c1f0d9ed77a","network_interface_id":"eni-05b1a75941e226843","private_ip":"10.0.1.229","public_ip":"34.247.145.241","secondary_allocation_ids":[],"secondary_private_ip_address_count":0,"secondary_private_ip_addresses":[],"subnet_id":"subnet-027151fe66ed43bf3","tags":{"Name":"KCVPC-NAT"},"tags_all":{"Name":"KCVPC-NAT"},"timeouts":null},"sensitive_values":{"secondary_allocation_ids":[],"secondary_private_ip_addresses":[],"tags":{},"tags_all":{}},"depends_on":["module.nat_gateway.aws_eip.nat","module.subnet.aws_subnet.public","module.vpc.aws_vpc.main"]},{"address":"module.nat_gateway.aws_route.private_nat","mode":"managed","type":"aws_route","name":"private_nat","provider_name":"registry.terraform.io/hashicorp/aws","schema_version":0,"values":{"carrier_gateway_id":"","core_network_arn":"","destination_cidr_block":"0.0.0.0/0","destination_ipv6_cidr_block":"","destination_prefix_list_id":"","egress_only_gateway_id":"","gateway_id":"","id":"r-rtb-0d944248e9ec42b5f1080289494","instance_id":"","instance_owner_id":"","local_gateway_id":"","nat_gateway_id":"nat-0c9546c1f0d9ed77a","network_interface_id":"","origin":"CreateRoute","route_table_id":"rtb-0d944248e9ec42b5f","state":"active","timeouts":null,"transit_gateway_id":"","vpc_endpoint_id":"","vpc_peering_connection_id":""},"sensitive_values":{},"depends_on":["module.nat_gateway.aws_eip.nat","module.nat_gateway.aws_nat_gateway.nat","module.route_table.aws_route_table.private","module.subnet.aws_subnet.public","module.vpc.aws_vpc.main"]}],"address":"module.nat_gateway"},{"resources":[{"address":"module.route_table.aws_route_table.private","mode":"managed","type":"aws_route_table","name":"private","provider_name":"registry.terraform.io/hashicorp/aws","schema_version":0,"values":{"arn":"arn:aws:ec2:eu-west-1:483148588781:route-table/rtb-0d944248e9ec42b5f","id":"rtb-0d944248e9ec42b5f","owner_id":"483148588781","propagating_vgws":[],"route":[{"carrier_gateway_id":"","cidr_block":"0.0.0.0/0","core_network_arn":"","destination_prefix_list_id":"","egress_only_gateway_id":"","gateway_id":"","ipv6_cidr_block":"","local_gateway_id":"","nat_gateway_id":"nat-0c9546c1f0d9ed77a","network_interface_id":"","transit_gateway_id":"","vpc_endpoint_id":"","vpc_peering_connection_id":""}],"tags":{"Name":"PrivateRouteTable"},"tags_all":{"Name":"PrivateRouteTable"},"timeouts":null,"vpc_id":"vpc-03543c35a3d525474"},"sensitive_values":{"propagating_vgws":[],"route":[{}],"tags":{},"tags_all":{}},"depends_on":["module.vpc.aws_vpc.main"]},{"address":"module.route_table.aws_route_table.public","mode":"managed","type":"aws_route_table","name":"public","provider_name":"registry.terraform.io/hashicorp/aws","schema_version":0,"values":{"arn":"arn:aws:ec2:eu-west-1:483148588781:route-table/rtb-017bb5fa96dea506a","id":"rtb-017bb5fa96dea506a","owner_id":"483148588781","propagating_vgws":[],"route":[{"carrier_gateway_id":"","cidr_block":"0.0.0.0/0","core_network_arn":"","destination_prefix_list_id":"","egress_only_gateway_id":"","gateway_id":"igw-0c15abb25dd8178da","ipv6_cidr_block":"","local_gateway_id":"","nat_gateway_id":"","network_interface_id":"","transit_gateway_id":"","vpc_endpoint_id":"","vpc_peering_connection_id":""}],"tags":{"Name":"PublicRouteTable"},"tags_all":{"Name":"PublicRouteTable"},"timeouts":null,"vpc_id":"vpc-03543c35a3d525474"},"sensitive_values":{"propagating_vgws":[],"route":[{}],"tags":{},"tags_all":{}},"depends_on":["module.vpc.aws_internet_gateway.main","module.vpc.aws_vpc.main"]},{"address":"module.route_table.aws_route_table_association.private","mode":"managed","type":"aws_route_table_association","name":"private","provider_name":"registry.terraform.io/hashicorp/aws","schema_version":0,"values":{"gateway_id":"","id":"rtbassoc-0a63cc3c592d1d5c9","route_table_id":"rtb-0d944248e9ec42b5f","subnet_id":"subnet-0e54fc509afbfafc7","timeouts":null},"sensitive_values":{},"depends_on":["module.route_table.aws_route_table.private","module.subnet.aws_subnet.private","module.vpc.aws_vpc.main"]},{"address":"module.route_table.aws_route_table_association.public","mode":"managed","type":"aws_route_table_association","name":"public","provider_name":"registry.terraform.io/hashicorp/aws","schema_version":0,"values":{"gateway_id":"","id":"rtbassoc-004058ce2a4664108","route_table_id":"rtb-017bb5fa96dea506a","subnet_id":"subnet-027151fe66ed43bf3","timeouts":null},"sensitive_values":{},"depends_on":["module.route_table.aws_route_table.public","module.subnet.aws_subnet.public","module.vpc.aws_internet_gateway.main","module.vpc.aws_vpc.main"]}],"address":"module.route_table"},{"resources":[{"address":"module.security_group.aws_security_group.private_sg","mode":"managed","type":"aws_security_group","name":"private_sg","provider_name":"registry.terraform.io/hashicorp/aws","schema_version":1,"values":{"arn":"arn:aws:ec2:eu-west-1:483148588781:security-group/sg-08858a379f3b4df58","description":"Managed by Terraform","egress":[{"cidr_blocks":["0.0.0.0/0"],"description":"","from_port":0,"ipv6_cidr_blocks":[],"prefix_list_ids":[],"protocol":"-1","security_groups":[],"self":false,"to_port":0}],"id":"sg-08858a379f3b4df58","ingress":[{"cidr_blocks":["10.0.1.0/24"],"description":"","from_port":5432,"ipv6_cidr_blocks":[],"prefix_list_ids":[],"protocol":"tcp","security_groups":[],"self":false,"to_port":5432}],"name":"PrivateSecurityGroup","name_prefix":"","owner_id":"483148588781","revoke_rules_on_delete":false,"tags":{},"tags_all":{},"timeouts":null,"vpc_id":"vpc-03543c35a3d525474"},"sensitive_values":{"egress":[{"cidr_blocks":[false],"ipv6_cidr_blocks":[],"prefix_list_ids":[],"security_groups":[]}],"ingress":[{"cidr_blocks":[false],"ipv6_cidr_blocks":[],"prefix_list_ids":[],"security_groups":[]}],"tags":{},"tags_all":{}},"depends_on":["module.vpc.aws_vpc.main"]},{"address":"module.security_group.aws_security_group.public_sg","mode":"managed","type":"aws_security_group","name":"public_sg","provider_name":"registry.terraform.io/hashicorp/aws","schema_version":1,"values":{"arn":"arn:aws:ec2:eu-west-1:483148588781:security-group/sg-0ea7db43d14619652","description":"Managed by Terraform","egress":[{"cidr_blocks":["0.0.0.0/0"],"description":"","from_port":0,"ipv6_cidr_blocks":[],"prefix_list_ids":[],"protocol":"-1","security_groups":[],"self":false,"to_port":0}],"id":"sg-0ea7db43d14619652","ingress":[{"cidr_blocks":["0.0.0.0/0"],"description":"","from_port":443,"ipv6_cidr_blocks":[],"prefix_list_ids":[],"protocol":"tcp","security_groups":[],"self":false,"to_port":443},{"cidr_blocks":["0.0.0.0/0"],"description":"","from_port":80,"ipv6_cidr_blocks":[],"prefix_list_ids":[],"protocol":"tcp","security_groups":[],"self":false,"to_port":80},{"cidr_blocks":["10.0.1.0/24"],"description":"","from_port":22,"ipv6_cidr_blocks":[],"prefix_list_ids":[],"protocol":"tcp","security_groups":[],"self":false,"to_port":22}],"name":"PublicSecurityGroup","name_prefix":"","owner_id":"483148588781","revoke_rules_on_delete":false,"tags":{},"tags_all":{},"timeouts":null,"vpc_id":"vpc-03543c35a3d525474"},"sensitive_values":{"egress":[{"cidr_blocks":[false],"ipv6_cidr_blocks":[],"prefix_list_ids":[],"security_groups":[]}],"ingress":[{"cidr_blocks":[false],"ipv6_cidr_blocks":[],"prefix_list_ids":[],"security_groups":[]},{"cidr_blocks":[false],"ipv6_cidr_blocks":[],"prefix_list_ids":[],"security_groups":[]},{"cidr_blocks":[false],"ipv6_cidr_blocks":[],"prefix_list_ids":[],"security_groups":[]}],"tags":{},"tags_all":{}},"depends_on":["module.vpc.aws_vpc.main"]}],"address":"module.security_group"},{"resources":[{"address":"module.subnet.aws_subnet.private","mode":"managed","type":"aws_subnet","name":"private","provider_name":"registry.terraform.io/hashicorp/aws","schema_version":1,"values":{"arn":"arn:aws:ec2:eu-west-1:483148588781:subnet/subnet-0e54fc509afbfafc7","assign_ipv6_address_on_creation":false,"availability_zone":"eu-west-1a","availability_zone_id":"euw1-az2","cidr_block":"10.0.2.0/24","customer_owned_ipv4_pool":"","enable_dns64":false,"enable_lni_at_device_index":0,"enable_resource_name_dns_a_record_on_launch":false,"enable_resource_name_dns_aaaa_record_on_launch":false,"id":"subnet-0e54fc509afbfafc7","ipv6_cidr_block":"","ipv6_cidr_block_association_id":"","ipv6_native":false,"map_customer_owned_ip_on_launch":false,"map_public_ip_on_launch":false,"outpost_arn":"","owner_id":"483148588781","private_dns_hostname_type_on_launch":"ip-name","tags":{"Name":"PrivateSubnet"},"tags_all":{"Name":"PrivateSubnet"},"timeouts":null,"vpc_id":"vpc-03543c35a3d525474"},"sensitive_values":{"tags":{},"tags_all":{}},"depends_on":["module.vpc.aws_vpc.main"]},{"address":"module.subnet.aws_subnet.public","mode":"managed","type":"aws_subnet","name":"public","provider_name":"registry.terraform.io/hashicorp/aws","schema_version":1,"values":{"arn":"arn:aws:ec2:eu-west-1:483148588781:subnet/subnet-027151fe66ed43bf3","assign_ipv6_address_on_creation":false,"availability_zone":"eu-west-1a","availability_zone_id":"euw1-az2","cidr_block":"10.0.1.0/24","customer_owned_ipv4_pool":"","enable_dns64":false,"enable_lni_at_device_index":0,"enable_resource_name_dns_a_record_on_launch":false,"enable_resource_name_dns_aaaa_record_on_launch":false,"id":"subnet-027151fe66ed43bf3","ipv6_cidr_block":"","ipv6_cidr_block_association_id":"","ipv6_native":false,"map_customer_owned_ip_on_launch":false,"map_public_ip_on_launch":true,"outpost_arn":"","owner_id":"483148588781","private_dns_hostname_type_on_launch":"ip-name","tags":{"Name":"PublicSubnet"},"tags_all":{"Name":"PublicSubnet"},"timeouts":null,"vpc_id":"vpc-03543c35a3d525474"},"sensitive_values":{"tags":{},"tags_all":{}},"depends_on":["module.vpc.aws_vpc.main"]}],"address":"module.subnet"},{"resources":[{"address":"module.vpc.aws_internet_gateway.main","mode":"managed","type":"aws_internet_gateway","name":"main","provider_name":"registry.terraform.io/hashicorp/aws","schema_version":0,"values":{"arn":"arn:aws:ec2:eu-west-1:483148588781:internet-gateway/igw-0c15abb25dd8178da","id":"igw-0c15abb25dd8178da","owner_id":"483148588781","tags":{"Name":"KCVPC-IGW"},"tags_all":{"Name":"KCVPC-IGW"},"timeouts":null,"vpc_id":"vpc-03543c35a3d525474"},"sensitive_values":{"tags":{},"tags_all":{}},"depends_on":["module.vpc.aws_vpc.main"]},{"address":"module.vpc.aws_vpc.main","mode":"managed","type":"aws_vpc","name":"main","provider_name":"registry.terraform.io/hashicorp/aws","schema_version":1,"values":{"arn":"arn:aws:ec2:eu-west-1:483148588781:vpc/vpc-03543c35a3d525474","assign_generated_ipv6_cidr_block":false,"cidr_block":"10.0.0.0/16","default_network_acl_id":"acl-0a5d7d864f2479051","default_route_table_id":"rtb-047ea148a78e494f4","default_security_group_id":"sg-06d8c93cbe16c87ee","dhcp_options_id":"dopt-008e73f6bc1a79ead","enable_dns_hostnames":false,"enable_dns_support":true,"enable_network_address_usage_metrics":false,"id":"vpc-03543c35a3d525474","instance_tenancy":"default","ipv4_ipam_pool_id":null,"ipv4_netmask_length":null,"ipv6_association_id":"","ipv6_cidr_block":"","ipv6_cidr_block_network_border_group":"","ipv6_ipam_pool_id":"","ipv6_netmask_length":0,"main_route_table_id":"rtb-047ea148a78e494f4","owner_id":"483148588781","tags":{"Name":"KCVPC"},"tags_all":{"Name":"KCVPC"}},"sensitive_values":{"tags":{},"tags_all":{}}}],"address":"module.vpc"}]}}},"configuration":{"provider_config":{"aws":{"name":"aws","full_name":"registry.terraform.io/hashicorp/aws","expressions":{"profile":{"constant_value":"PrincessKodeCamp"},"region":{"constant_value":"eu-west-1"}}}},"root_module":{"outputs":{"private_instance_id":{"expression":{"references":["module.ec2_instance.private_instance_id","module.ec2_instance"]}},"private_subnet_id":{"expression":{"references":["module.subnet.private_subnet_id","module.subnet"]}},"public_instance_id":{"expression":{"references":["module.ec2_instance.public_instance_id","module.ec2_instance"]}},"public_subnet_id":{"expression":{"references":["module.subnet.public_subnet_id","module.subnet"]}},"vpc_id":{"expression":{"references":["module.vpc.vpc_id","module.vpc"]}}},"module_calls":{"ec2_instance":{"source":"./modules/ec2_instance","expressions":{"ami":{"constant_value":"ami-0c38b837cd80f13bb"},"instance_type":{"constant_value":"t2.micro"},"key_name":{"references":["var.key_name"]},"private_sg_id":{"references":["module.security_group.private_sg_id","module.security_group"]},"private_subnet_id":{"references":["module.subnet.private_subnet_id","module.subnet"]},"public_sg_id":{"references":["module.security_group.public_sg_id","module.security_group"]},"public_subnet_id":{"references":["module.subnet.public_subnet_id","module.subnet"]}},"module":{"outputs":{"private_instance_id":{"expression":{"references":["aws_instance.private_instance.id","aws_instance.private_instance"]}},"public_instance_id":{"expression":{"references":["aws_instance.public_instance.id","aws_instance.public_instance"]}}},"resources":[{"address":"aws_instance.private_instance","mode":"managed","type":"aws_instance","name":"private_instance","provider_config_key":"aws","expressions":{"ami":{"references":["var.ami"]},"instance_type":{"references":["var.instance_type"]},"key_name":{"references":["data.aws_key_pair.key_pair.key_name","data.aws_key_pair.key_pair"]},"security_groups":{"references":["var.private_sg_id"]},"subnet_id":{"references":["var.private_subnet_id"]},"tags":{"constant_value":{"Name":"PrivateInstance"}},"user_data":{"references":["path.module"]}},"schema_version":1},{"address":"aws_instance.public_instance","mode":"managed","type":"aws_instance","name":"public_instance","provider_config_key":"aws","expressions":{"ami":{"references":["var.ami"]},"associate_public_ip_address":{"constant_value":true},"instance_type":{"references":["var.instance_type"]},"key_name":{"references":["data.aws_key_pair.key_pair.key_name","data.aws_key_pair.key_pair"]},"security_groups":{"references":["var.public_sg_id"]},"subnet_id":{"references":["var.public_subnet_id"]},"tags":{"constant_value":{"Name":"PublicInstance"}},"user_data":{"references":["path.module"]}},"schema_version":1},{"address":"data.aws_key_pair.key_pair","mode":"data","type":"aws_key_pair","name":"key_pair","provider_config_key":"aws","expressions":{"include_public_key":{"constant_value":true},"key_name":{"constant_value":"KCVPCkeypair"}},"schema_version":0}],"variables":{"ami":{"description":"The AMI ID"},"instance_type":{"description":"The instance type"},"key_name":{"description":"KCVPCkeypair.pem"},"private_sg_id":{"description":"The private security group ID"},"private_subnet_id":{"description":"The private subnet ID"},"public_sg_id":{"description":"The public security group ID"},"public_subnet_id":{"description":"The public subnet ID"}}}},"nat_gateway":{"source":"./modules/nat_gateway","expressions":{"private_route_table_id":{"references":["module.route_table.private_route_table_id","module.route_table"]},"public_subnet_id":{"references":["module.subnet.public_subnet_id","module.subnet"]}},"module":{"outputs":{"nat_gateway_id":{"expression":{"references":["aws_nat_gateway.nat.id","aws_nat_gateway.nat"]}}},"resources":[{"address":"aws_eip.nat","mode":"managed","type":"aws_eip","name":"nat","provider_config_key":"aws","expressions":{"domain":{"constant_value":"vpc"}},"schema_version":0},{"address":"aws_nat_gateway.nat","mode":"managed","type":"aws_nat_gateway","name":"nat","provider_config_key":"aws","expressions":{"allocation_id":{"references":["aws_eip.nat.id","aws_eip.nat"]},"subnet_id":{"references":["var.public_subnet_id"]},"tags":{"constant_value":{"Name":"KCVPC-NAT"}}},"schema_version":0},{"address":"aws_route.private_nat","mode":"managed","type":"aws_route","name":"private_nat","provider_config_key":"aws","expressions":{"destination_cidr_block":{"constant_value":"0.0.0.0/0"},"nat_gateway_id":{"references":["aws_nat_gateway.nat.id","aws_nat_gateway.nat"]},"route_table_id":{"references":["var.private_route_table_id"]}},"schema_version":0}],"variables":{"private_route_table_id":{"description":"The private route table ID"},"public_subnet_id":{"description":"The public subnet ID"}}}},"route_table":{"source":"./modules/route_table","expressions":{"igw_id":{"references":["module.vpc.igw_id","module.vpc"]},"private_subnet_id":{"references":["module.subnet.private_subnet_id","module.subnet"]},"public_subnet_id":{"references":["module.subnet.public_subnet_id","module.subnet"]},"vpc_id":{"references":["module.vpc.vpc_id","module.vpc"]}},"module":{"outputs":{"private_route_table_id":{"expression":{"references":["aws_route_table.private.id","aws_route_table.private"]}},"public_route_table_id":{"expression":{"references":["aws_route_table.public.id","aws_route_table.public"]}}},"resources":[{"address":"aws_route_table.private","mode":"managed","type":"aws_route_table","name":"private","provider_config_key":"aws","expressions":{"tags":{"constant_value":{"Name":"PrivateRouteTable"}},"vpc_id":{"references":["var.vpc_id"]}},"schema_version":0},{"address":"aws_route_table.public","mode":"managed","type":"aws_route_table","name":"public","provider_config_key":"aws","expressions":{"route":{"references":["var.igw_id"]},"tags":{"constant_value":{"Name":"PublicRouteTable"}},"vpc_id":{"references":["var.vpc_id"]}},"schema_version":0},{"address":"aws_route_table_association.private","mode":"managed","type":"aws_route_table_association","name":"private","provider_config_key":"aws","expressions":{"route_table_id":{"references":["aws_route_table.private.id","aws_route_table.private"]},"subnet_id":{"references":["var.private_subnet_id"]}},"schema_version":0},{"address":"aws_route_table_association.public","mode":"managed","type":"aws_route_table_association","name":"public","provider_config_key":"aws","expressions":{"route_table_id":{"references":["aws_route_table.public.id","aws_route_table.public"]},"subnet_id":{"references":["var.public_subnet_id"]}},"schema_version":0}],"variables":{"igw_id":{"description":"The Internet Gateway ID"},"private_subnet_id":{"description":"The private subnet ID"},"public_subnet_id":{"description":"The public subnet ID"},"vpc_id":{"description":"The VPC ID"}}}},"security_group":{"source":"./modules/security_group","expressions":{"my_ip":{"constant_value":"105.112.113.236"},"public_subnet_cidr":{"constant_value":"10.0.1.0/24"},"vpc_id":{"references":["module.vpc.vpc_id","module.vpc"]}},"module":{"outputs":{"private_sg_id":{"expression":{"references":["aws_security_group.private_sg.id","aws_security_group.private_sg"]}},"public_sg_id":{"expression":{"references":["aws_security_group.public_sg.id","aws_security_group.public_sg"]}}},"resources":[{"address":"aws_security_group.private_sg","mode":"managed","type":"aws_security_group","name":"private_sg","provider_config_key":"aws","expressions":{"egress":{"constant_value":[{"cidr_blocks":["0.0.0.0/0"],"description":null,"from_port":0,"ipv6_cidr_blocks":null,"prefix_list_ids":null,"protocol":"-1","security_groups":null,"self":null,"to_port":0}]},"ingress":{"references":["var.public_subnet_cidr"]},"name":{"constant_value":"PrivateSecurityGroup"},"vpc_id":{"references":["var.vpc_id"]}},"schema_version":1},{"address":"aws_security_group.public_sg","mode":"managed","type":"aws_security_group","name":"public_sg","provider_config_key":"aws","expressions":{"egress":{"constant_value":[{"cidr_blocks":["0.0.0.0/0"],"description":null,"from_port":0,"ipv6_cidr_blocks":null,"prefix_list_ids":null,"protocol":"-1","security_groups":null,"self":null,"to_port":0}]},"ingress":{"references":["var.public_subnet_cidr"]},"name":{"constant_value":"PublicSecurityGroup"},"vpc_id":{"references":["var.vpc_id"]}},"schema_version":1}],"variables":{"my_ip":{"description":"Your local IP address"},"public_subnet_cidr":{"description":"The CIDR block for the public subnet"},"vpc_id":{"description":"The VPC ID"}}}},"subnet":{"source":"./modules/subnet","expressions":{"private_subnet_az":{"constant_value":"eu-west-1a"},"private_subnet_cidr":{"constant_value":"10.0.2.0/24"},"public_subnet_az":{"constant_value":"eu-west-1a"},"public_subnet_cidr":{"constant_value":"10.0.1.0/24"},"vpc_id":{"references":["module.vpc.vpc_id","module.vpc"]}},"module":{"outputs":{"private_subnet_id":{"expression":{"references":["aws_subnet.private.id","aws_subnet.private"]}},"public_subnet_id":{"expression":{"references":["aws_subnet.public.id","aws_subnet.public"]}}},"resources":[{"address":"aws_subnet.private","mode":"managed","type":"aws_subnet","name":"private","provider_config_key":"aws","expressions":{"availability_zone":{"references":["var.private_subnet_az"]},"cidr_block":{"references":["var.private_subnet_cidr"]},"tags":{"constant_value":{"Name":"PrivateSubnet"}},"vpc_id":{"references":["var.vpc_id"]}},"schema_version":1},{"address":"aws_subnet.public","mode":"managed","type":"aws_subnet","name":"public","provider_config_key":"aws","expressions":{"availability_zone":{"references":["var.public_subnet_az"]},"cidr_block":{"references":["var.public_subnet_cidr"]},"map_public_ip_on_launch":{"constant_value":true},"tags":{"constant_value":{"Name":"PublicSubnet"}},"vpc_id":{"references":["var.vpc_id"]}},"schema_version":1}],"variables":{"private_subnet_az":{"description":"The availability zone for the private subnet"},"private_subnet_cidr":{"description":"The CIDR block for the private subnet"},"public_subnet_az":{"description":"The availability zone for the public subnet"},"public_subnet_cidr":{"description":"The CIDR block for the public subnet"},"vpc_id":{"description":"The VPC ID"}}}},"vpc":{"source":"./modules/vpc","expressions":{"vpc_cidr":{"constant_value":"10.0.0.0/16"}},"module":{"outputs":{"igw_id":{"expression":{"references":["aws_internet_gateway.main.id","aws_internet_gateway.main"]}},"vpc_id":{"expression":{"references":["aws_vpc.main.id","aws_vpc.main"]}}},"resources":[{"address":"aws_internet_gateway.main","mode":"managed","type":"aws_internet_gateway","name":"main","provider_config_key":"aws","expressions":{"tags":{"constant_value":{"Name":"KCVPC-IGW"}},"vpc_id":{"references":["aws_vpc.main.id","aws_vpc.main"]}},"schema_version":0},{"address":"aws_vpc.main","mode":"managed","type":"aws_vpc","name":"main","provider_config_key":"aws","expressions":{"cidr_block":{"references":["var.vpc_cidr"]},"tags":{"constant_value":{"Name":"KCVPC"}}},"schema_version":1}],"variables":{"vpc_cidr":{"description":"The CIDR block for the VPC"}}}}},"variables":{"aws_region":{"default":"eu-west-1","description":"The AWS region to deploy in"},"key_name":{"description":"The name of the key pair to use for SSH access"}}}},"relevant_attributes":[{"resource":"module.security_group.aws_security_group.private_sg","attribute":["id"]},{"resource":"module.ec2_instance.aws_instance.public_instance","attribute":["id"]},{"resource":"module.ec2_instance.aws_instance.private_instance","attribute":["id"]},{"resource":"module.vpc.aws_vpc.main","attribute":["id"]},{"resource":"module.subnet.aws_subnet.private","attribute":["id"]},{"resource":"module.vpc.aws_internet_gateway.main","attribute":["id"]},{"resource":"module.subnet.aws_subnet.public","attribute":["id"]},{"resource":"module.security_group.aws_security_group.public_sg","attribute":["id"]},{"resource":"module.route_table.aws_route_table.public","attribute":["id"]},{"resource":"module.nat_gateway.aws_nat_gateway.nat","attribute":["id"]},{"resource":"module.ec2_instance.data.aws_key_pair.key_pair","attribute":["key_name"]},{"resource":"module.route_table.aws_route_table.private","attribute":["id"]}],"timestamp":"2024-07-23T23:49:54Z","applyable":true,"complete":true,"errored":false}
